
Microsoft Visual Studio Solution File, Format Version 12.00
# Visual Studio Version 17
VisualStudioVersion = 17.14.36310.24 d17.14
MinimumVisualStudioVersion = 10.0.40219.1
Project("{FAE04EC0-301F-11D3-BF4B-00C04F79EFBC}") = "ModernBuild", "ModernBuild.csproj", "{D83312AF-B048-1214-9881-D4DB2BB2E31B}"
EndProject
Global
	GlobalSection(SolutionConfigurationPlatforms) = preSolution
		Debug|Any CPU = Debug|Any CPU
		Release|Any CPU = Release|Any CPU
	EndGlobalSection
	GlobalSection(ProjectConfigurationPlatforms) = postSolution
		{D83312AF-B048-1214-9881-D4DB2BB2E31B}.Debug|Any CPU.ActiveCfg = Debug|Any CPU
		{D83312AF-B048-1214-9881-D4DB2BB2E31B}.Debug|Any CPU.Build.0 = Debug|Any CPU
		{D83312AF-B048-1214-9881-D4DB2BB2E31B}.Release|Any CPU.ActiveCfg = Release|Any CPU
		{D83312AF-B048-1214-9881-D4DB2BB2E31B}.Release|Any CPU.Build.0 = Release|Any CPU
	EndGlobalSection
	GlobalSection(SolutionProperties) = preSolution
		HideSolutionNode = FALSE
	EndGlobalSection
	GlobalSection(ExtensibilityGlobals) = postSolution
		SolutionGuid = {D3DF4A75-4AE0-4B03-8E0E-57795677F246}
	EndGlobalSection
EndGlobal
