
Microsoft Visual Studio Solution File, Format Version 12.00
# Visual Studio Version 16
VisualStudioVersion = 16.0.31229.75
MinimumVisualStudioVersion = 10.0.40219.1
Project("{9A19103F-16F7-4668-BE54-9A1E7A4F7556}") = "Krypton.Toolkit 2019", "..\Krypton.Toolkit 2019.csproj", "{3FB34E71-C665-4804-9FB6-6D06A20D0273}"
EndProject
Project("{9A19103F-16F7-4668-BE54-9A1E7A4F7556}") = "Test Text Clipping 2019", "..\..\..\..\..\Standard-Toolkit-Demos\Source\Krypton Toolkit Examples\Test Text Clipping\Test Text Clipping 2019.csproj", "{481ADEC6-84C6-4258-9B8D-271F5304EACE}"
EndProject
Project("{9A19103F-16F7-4668-BE54-9A1E7A4F7556}") = "Test Clip Base 2019", "..\..\..\..\..\Standard-Toolkit-Demos\Source\Krypton Toolkit Examples\Test Clip Base\Test Clip Base 2019.csproj", "{BFB99FCA-16BA-4ACD-9C53-4B410B6F0DE2}"
EndProject
Global
	GlobalSection(SolutionConfigurationPlatforms) = preSolution
		Debug|Any CPU = Debug|Any CPU
		Release|Any CPU = Release|Any CPU
	EndGlobalSection
	GlobalSection(ProjectConfigurationPlatforms) = postSolution
		{3FB34E71-C665-4804-9FB6-6D06A20D0273}.Debug|Any CPU.ActiveCfg = Debug|Any CPU
		{3FB34E71-C665-4804-9FB6-6D06A20D0273}.Debug|Any CPU.Build.0 = Debug|Any CPU
		{3FB34E71-C665-4804-9FB6-6D06A20D0273}.Release|Any CPU.ActiveCfg = Release|Any CPU
		{3FB34E71-C665-4804-9FB6-6D06A20D0273}.Release|Any CPU.Build.0 = Release|Any CPU
		{481ADEC6-84C6-4258-9B8D-271F5304EACE}.Debug|Any CPU.ActiveCfg = Debug|Any CPU
		{481ADEC6-84C6-4258-9B8D-271F5304EACE}.Debug|Any CPU.Build.0 = Debug|Any CPU
		{481ADEC6-84C6-4258-9B8D-271F5304EACE}.Release|Any CPU.ActiveCfg = Release|Any CPU
		{481ADEC6-84C6-4258-9B8D-271F5304EACE}.Release|Any CPU.Build.0 = Release|Any CPU
		{BFB99FCA-16BA-4ACD-9C53-4B410B6F0DE2}.Debug|Any CPU.ActiveCfg = Debug|Any CPU
		{BFB99FCA-16BA-4ACD-9C53-4B410B6F0DE2}.Debug|Any CPU.Build.0 = Debug|Any CPU
		{BFB99FCA-16BA-4ACD-9C53-4B410B6F0DE2}.Release|Any CPU.ActiveCfg = Release|Any CPU
		{BFB99FCA-16BA-4ACD-9C53-4B410B6F0DE2}.Release|Any CPU.Build.0 = Release|Any CPU
	EndGlobalSection
	GlobalSection(SolutionProperties) = preSolution
		HideSolutionNode = FALSE
	EndGlobalSection
	GlobalSection(ExtensibilityGlobals) = postSolution
		SolutionGuid = {C023603E-813F-487F-9FB0-E86B3FC5131F}
	EndGlobalSection
EndGlobal
