Microsoft Visual Studio Solution File, Format Version 12.00
# Visual Studio Version 16
VisualStudioVersion = 16.0.31507.150
MinimumVisualStudioVersion = 10.0.40219.1
Project("{2150E333-8FDC-42A3-9474-1A3956D46DE8}") = "Solution Items", "Solution Items", "{56F1A41E-584B-4F91-9E98-7D8BF678210C}"
EndProject
Project("{2150E333-8FDC-42A3-9474-1A3956D46DE8}") = "Build System", "Build System", "{511519DD-C887-40E5-8961-658AE4CA5D46}"
	ProjectSection(SolutionItems) = preProject
		..\..\build-2022.cmd = ..\..\build-2022.cmd
		..\..\build.proj = ..\..\build.proj
		..\..\buildsolution.cmd = ..\..\buildsolution.cmd
		..\..\debug.cmd = ..\..\debug.cmd
		..\..\debug.proj = ..\..\debug.proj
		Directory.Build.props = Directory.Build.props
		..\..\Directory.Build.props = ..\..\Directory.Build.props
		Directory.Build.targets = Directory.Build.targets
		..\..\pack.cmd = ..\..\pack.cmd
		..\..\publish.cmd = ..\..\publish.cmd
		..\..\purge.cmd = ..\..\purge.cmd
		..\..\run.cmd = ..\..\run.cmd
	EndProjectSection
EndProject
Project("{2150E333-8FDC-42A3-9474-1A3956D46DE8}") = "Documentation", "Documentation", "{405E4318-4C8A-4DC7-B624-8F7097CDFF60}"
	ProjectSection(SolutionItems) = preProject
		..\..\README.md = ..\..\README.md
	EndProjectSection
EndProject
Project("{2150E333-8FDC-42A3-9474-1A3956D46DE8}") = "Development", "Development", "{B0683F1A-BA1F-4891-93BE-958319089C89}"
	ProjectSection(SolutionItems) = preProject
		..\..\Documents\Development\Development-Workflow.md = ..\..\Documents\Development\Development-Workflow.md
		..\..\Documents\Development\How to Manage Using Statements.md = ..\..\Documents\Development\How to Manage Using Statements.md
		..\..\Documents\Development\How-to-Build.md = ..\..\Documents\Development\How-to-Build.md
	EndProjectSection
EndProject
Project("{2150E333-8FDC-42A3-9474-1A3956D46DE8}") = "Help", "Help", "{C2B58A1A-4451-4A21-8487-14DBA720672D}"
	ProjectSection(SolutionItems) = preProject
		..\..\Documents\Help\Changelog.md = ..\..\Documents\Help\Changelog.md
		..\..\Documents\Help\Designer Fix.md = ..\..\Documents\Help\Designer Fix.md
	EndProjectSection
EndProject
Project("{2150E333-8FDC-42A3-9474-1A3956D46DE8}") = "Configuration", "Configuration", "{6A930598-4EF1-4563-9BD9-CC1C831D86A6}"
	ProjectSection(SolutionItems) = preProject
		..\.editorconfig = ..\.editorconfig
		..\..\.gitattributes = ..\..\.gitattributes
		..\..\.gitignore = ..\..\.gitignore
	EndProjectSection
EndProject
Project("{2150E333-8FDC-42A3-9474-1A3956D46DE8}") = "Source", "Source", "{7639F185-EAEE-4483-BE71-7EC62EDDBEA9}"
EndProject
Project("{9A19103F-16F7-4668-BE54-9A1E7A4F7556}") = "Krypton.Navigator 2022", "Krypton.Navigator\Krypton.Navigator 2022.csproj", "{0D932DC6-53EA-4DE7-903C-C2E404505CAC}"
EndProject
Project("{9A19103F-16F7-4668-BE54-9A1E7A4F7556}") = "Krypton.Ribbon 2022", "Krypton.Ribbon\Krypton.Ribbon 2022.csproj", "{28E83440-1BEC-4D48-B4EA-D85E30638BDD}"
EndProject
Project("{9A19103F-16F7-4668-BE54-9A1E7A4F7556}") = "Krypton.Toolkit 2022", "Krypton.Toolkit\Krypton.Toolkit 2022.csproj", "{43C7CFAF-03AB-47BD-A60D-1F3C5A3B68D5}"
EndProject
Project("{9A19103F-16F7-4668-BE54-9A1E7A4F7556}") = "Krypton.Workspace 2022", "Krypton.Workspace\Krypton.Workspace 2022.csproj", "{F379A7A0-66CC-4295-90E6-2471433D12B8}"
EndProject
Project("{9A19103F-16F7-4668-BE54-9A1E7A4F7556}") = "Krypton.Docking 2022", "Krypton.Docking\Krypton.Docking 2022.csproj", "{408B2F95-0322-4EEF-9A1B-889B7759976B}"
EndProject
Global
	GlobalSection(SolutionConfigurationPlatforms) = preSolution
		Debug|Any CPU = Debug|Any CPU
		Release|Any CPU = Release|Any CPU
	EndGlobalSection
	GlobalSection(ProjectConfigurationPlatforms) = postSolution
		{0D932DC6-53EA-4DE7-903C-C2E404505CAC}.Debug|Any CPU.ActiveCfg = Debug|Any CPU
		{0D932DC6-53EA-4DE7-903C-C2E404505CAC}.Debug|Any CPU.Build.0 = Debug|Any CPU
		{0D932DC6-53EA-4DE7-903C-C2E404505CAC}.Release|Any CPU.ActiveCfg = Release|Any CPU
		{0D932DC6-53EA-4DE7-903C-C2E404505CAC}.Release|Any CPU.Build.0 = Release|Any CPU
		{28E83440-1BEC-4D48-B4EA-D85E30638BDD}.Debug|Any CPU.ActiveCfg = Debug|Any CPU
		{28E83440-1BEC-4D48-B4EA-D85E30638BDD}.Debug|Any CPU.Build.0 = Debug|Any CPU
		{28E83440-1BEC-4D48-B4EA-D85E30638BDD}.Release|Any CPU.ActiveCfg = Release|Any CPU
		{28E83440-1BEC-4D48-B4EA-D85E30638BDD}.Release|Any CPU.Build.0 = Release|Any CPU
		{43C7CFAF-03AB-47BD-A60D-1F3C5A3B68D5}.Debug|Any CPU.ActiveCfg = Debug|Any CPU
		{43C7CFAF-03AB-47BD-A60D-1F3C5A3B68D5}.Debug|Any CPU.Build.0 = Debug|Any CPU
		{43C7CFAF-03AB-47BD-A60D-1F3C5A3B68D5}.Release|Any CPU.ActiveCfg = Release|Any CPU
		{43C7CFAF-03AB-47BD-A60D-1F3C5A3B68D5}.Release|Any CPU.Build.0 = Release|Any CPU
		{F379A7A0-66CC-4295-90E6-2471433D12B8}.Debug|Any CPU.ActiveCfg = Debug|Any CPU
		{F379A7A0-66CC-4295-90E6-2471433D12B8}.Debug|Any CPU.Build.0 = Debug|Any CPU
		{F379A7A0-66CC-4295-90E6-2471433D12B8}.Release|Any CPU.ActiveCfg = Release|Any CPU
		{F379A7A0-66CC-4295-90E6-2471433D12B8}.Release|Any CPU.Build.0 = Release|Any CPU
		{408B2F95-0322-4EEF-9A1B-889B7759976B}.Debug|Any CPU.ActiveCfg = Debug|Any CPU
		{408B2F95-0322-4EEF-9A1B-889B7759976B}.Debug|Any CPU.Build.0 = Debug|Any CPU
		{408B2F95-0322-4EEF-9A1B-889B7759976B}.Release|Any CPU.ActiveCfg = Release|Any CPU
		{408B2F95-0322-4EEF-9A1B-889B7759976B}.Release|Any CPU.Build.0 = Release|Any CPU
	EndGlobalSection
	GlobalSection(SolutionProperties) = preSolution
		HideSolutionNode = FALSE
	EndGlobalSection
	GlobalSection(NestedProjects) = preSolution
		{0D932DC6-53EA-4DE7-903C-C2E404505CAC} = {7639F185-EAEE-4483-BE71-7EC62EDDBEA9}
		{28E83440-1BEC-4D48-B4EA-D85E30638BDD} = {7639F185-EAEE-4483-BE71-7EC62EDDBEA9}
		{43C7CFAF-03AB-47BD-A60D-1F3C5A3B68D5} = {7639F185-EAEE-4483-BE71-7EC62EDDBEA9}
		{F379A7A0-66CC-4295-90E6-2471433D12B8} = {7639F185-EAEE-4483-BE71-7EC62EDDBEA9}
		{408B2F95-0322-4EEF-9A1B-889B7759976B} = {7639F185-EAEE-4483-BE71-7EC62EDDBEA9}
	EndGlobalSection
	GlobalSection(ExtensibilityGlobals) = postSolution
		BuildVersion_StartDate = 2000/1/1
		SolutionGuid = {ECEA7A85-0CA8-47A4-93BE-6AA896E9749D}
	EndGlobalSection
EndGlobal
