Microsoft Visual Studio Solution File, Format Version 12.00
# Visual Studio Version 16
VisualStudioVersion = 16.0.28809.33
MinimumVisualStudioVersion = 10.0.40219.1
Project("{9A19103F-16F7-4668-BE54-9A1E7A4F7556}") = "Krypton.Toolkit 2019", "ComponentFactory.Krypton.Toolkit\Krypton.Toolkit 2019.csproj", "{96ECAECC-54F8-4AA5-8591-B443C2D9565F}"
EndProject
Project("{9A19103F-16F7-4668-BE54-9A1E7A4F7556}") = "Krypton.Navigator 2019", "ComponentFactory.Krypton.Navigator\Krypton.Navigator 2019.csproj", "{DC0DD714-4D19-4F31-A6D0-EA209D4F0EA8}"
EndProject
Project("{9A19103F-16F7-4668-BE54-9A1E7A4F7556}") = "Krypton.Workspace 2019", "ComponentFactory.Krypton.Workspace\Krypton.Workspace 2019.csproj", "{9144BA04-155B-4B66-B85A-9A89AA93F7D4}"
EndProject
Project("{9A19103F-16F7-4668-BE54-9A1E7A4F7556}") = "Krypton.Ribbon 2019", "ComponentFactory.Krypton.Ribbon\Krypton.Ribbon 2019.csproj", "{E90FC375-453D-4FE4-9822-CE1DB85B6553}"
EndProject
Project("{9A19103F-16F7-4668-BE54-9A1E7A4F7556}") = "Krypton.Docking 2019", "ComponentFactory.Krypton.Docking\Krypton.Docking 2019.csproj", "{E00FF125-CB44-480B-847E-7B3D27E481EB}"
EndProject
Project("{2150E333-8FDC-42A3-9474-1A3956D46DE8}") = "Help", "Help", "{7693521C-B93D-4764-AA39-BE3E7876D8CB}"
EndProject
Project("{2150E333-8FDC-42A3-9474-1A3956D46DE8}") = "Solution Items", "Solution Items", "{942DAEF7-509F-4BB7-B1DD-CBC28949CCF6}"
	ProjectSection(SolutionItems) = preProject
		..\..\README.md = ..\..\README.md
		..\..\Updates\updates.txt = ..\..\Updates\updates.txt
	EndProjectSection
EndProject
Project("{2150E333-8FDC-42A3-9474-1A3956D46DE8}") = "DocFX", "DocFX", "{61013E5A-3095-4A61-8B4B-72ABDCB608BE}"
	ProjectSection(SolutionItems) = preProject
		..\..\Help\DocFX\.gitignore = ..\..\Help\DocFX\.gitignore
		..\..\Help\DocFX\docfx.json = ..\..\Help\DocFX\docfx.json
		..\..\Help\HowToBuildHelp.md = ..\..\Help\HowToBuildHelp.md
		..\..\Help\DocFX\index.md = ..\..\Help\DocFX\index.md
		..\..\Help\DocFX\Krypton.ico = ..\..\Help\DocFX\Krypton.ico
		..\..\Help\DocFX\Logo.PNG = ..\..\Help\DocFX\Logo.PNG
		..\..\Help\DocFX\toc.yml = ..\..\Help\DocFX\toc.yml
	EndProjectSection
EndProject
Project("{2150E333-8FDC-42A3-9474-1A3956D46DE8}") = "Output", "Output", "{55EBC5E1-586F-448D-B61E-6F0A1F58FFE8}"
	ProjectSection(SolutionItems) = preProject
		..\..\Help\Output\.gitignore = ..\..\Help\Output\.gitignore
	EndProjectSection
EndProject
Project("{2150E333-8FDC-42A3-9474-1A3956D46DE8}") = "articles", "articles", "{642A2DBC-D742-47CA-8C78-76FEE09C0DCB}"
	ProjectSection(SolutionItems) = preProject
		..\..\Help\DocFX\articles\background.md = ..\..\Help\DocFX\articles\background.md
		..\..\Help\DocFX\articles\border.md = ..\..\Help\DocFX\articles\border.md
		..\..\Help\DocFX\articles\intro.md = ..\..\Help\DocFX\articles\intro.md
		..\..\Help\DocFX\articles\Krypton_Docking.md = ..\..\Help\DocFX\articles\Krypton_Docking.md
		..\..\Help\DocFX\articles\Krypton_Navigator.md = ..\..\Help\DocFX\articles\Krypton_Navigator.md
		..\..\Help\DocFX\articles\Krypton_Ribbon.md = ..\..\Help\DocFX\articles\Krypton_Ribbon.md
		..\..\Help\DocFX\articles\Krypton_Toolkit.md = ..\..\Help\DocFX\articles\Krypton_Toolkit.md
		..\..\Help\DocFX\articles\Krypton_WorkSpace.md = ..\..\Help\DocFX\articles\Krypton_WorkSpace.md
		..\..\Help\DocFX\articles\palettes.md = ..\..\Help\DocFX\articles\palettes.md
		..\..\Help\DocFX\articles\structure.md = ..\..\Help\DocFX\articles\structure.md
		..\..\Help\DocFX\articles\toc.yml = ..\..\Help\DocFX\articles\toc.yml
		..\..\Help\DocFX\articles\topic100.md = ..\..\Help\DocFX\articles\topic100.md
		..\..\Help\DocFX\articles\topic101.md = ..\..\Help\DocFX\articles\topic101.md
		..\..\Help\DocFX\articles\topic102.md = ..\..\Help\DocFX\articles\topic102.md
		..\..\Help\DocFX\articles\topic103.md = ..\..\Help\DocFX\articles\topic103.md
		..\..\Help\DocFX\articles\topic104.md = ..\..\Help\DocFX\articles\topic104.md
		..\..\Help\DocFX\articles\topic105.md = ..\..\Help\DocFX\articles\topic105.md
		..\..\Help\DocFX\articles\topic106.md = ..\..\Help\DocFX\articles\topic106.md
		..\..\Help\DocFX\articles\topic107.md = ..\..\Help\DocFX\articles\topic107.md
		..\..\Help\DocFX\articles\topic108.md = ..\..\Help\DocFX\articles\topic108.md
		..\..\Help\DocFX\articles\topic109.md = ..\..\Help\DocFX\articles\topic109.md
		..\..\Help\DocFX\articles\topic110.md = ..\..\Help\DocFX\articles\topic110.md
		..\..\Help\DocFX\articles\topic111.md = ..\..\Help\DocFX\articles\topic111.md
		..\..\Help\DocFX\articles\topic112.md = ..\..\Help\DocFX\articles\topic112.md
		..\..\Help\DocFX\articles\topic113.md = ..\..\Help\DocFX\articles\topic113.md
		..\..\Help\DocFX\articles\topic114.md = ..\..\Help\DocFX\articles\topic114.md
		..\..\Help\DocFX\articles\topic115.md = ..\..\Help\DocFX\articles\topic115.md
		..\..\Help\DocFX\articles\topic116.md = ..\..\Help\DocFX\articles\topic116.md
		..\..\Help\DocFX\articles\topic117.md = ..\..\Help\DocFX\articles\topic117.md
		..\..\Help\DocFX\articles\topic118.md = ..\..\Help\DocFX\articles\topic118.md
		..\..\Help\DocFX\articles\topic119.md = ..\..\Help\DocFX\articles\topic119.md
		..\..\Help\DocFX\articles\topic120.md = ..\..\Help\DocFX\articles\topic120.md
		..\..\Help\DocFX\articles\topic121.md = ..\..\Help\DocFX\articles\topic121.md
		..\..\Help\DocFX\articles\topic122.md = ..\..\Help\DocFX\articles\topic122.md
		..\..\Help\DocFX\articles\topic123.md = ..\..\Help\DocFX\articles\topic123.md
		..\..\Help\DocFX\articles\topic124.md = ..\..\Help\DocFX\articles\topic124.md
		..\..\Help\DocFX\articles\topic125.md = ..\..\Help\DocFX\articles\topic125.md
		..\..\Help\DocFX\articles\topic126.md = ..\..\Help\DocFX\articles\topic126.md
		..\..\Help\DocFX\articles\topic127.md = ..\..\Help\DocFX\articles\topic127.md
		..\..\Help\DocFX\articles\topic128.md = ..\..\Help\DocFX\articles\topic128.md
		..\..\Help\DocFX\articles\topic129.md = ..\..\Help\DocFX\articles\topic129.md
		..\..\Help\DocFX\articles\topic130.md = ..\..\Help\DocFX\articles\topic130.md
		..\..\Help\DocFX\articles\topic131.md = ..\..\Help\DocFX\articles\topic131.md
		..\..\Help\DocFX\articles\topic132.md = ..\..\Help\DocFX\articles\topic132.md
		..\..\Help\DocFX\articles\topic133.md = ..\..\Help\DocFX\articles\topic133.md
		..\..\Help\DocFX\articles\topic134.md = ..\..\Help\DocFX\articles\topic134.md
		..\..\Help\DocFX\articles\topic135.md = ..\..\Help\DocFX\articles\topic135.md
		..\..\Help\DocFX\articles\topic136.md = ..\..\Help\DocFX\articles\topic136.md
		..\..\Help\DocFX\articles\topic137.md = ..\..\Help\DocFX\articles\topic137.md
		..\..\Help\DocFX\articles\topic138.md = ..\..\Help\DocFX\articles\topic138.md
		..\..\Help\DocFX\articles\topic139.md = ..\..\Help\DocFX\articles\topic139.md
		..\..\Help\DocFX\articles\topic140.md = ..\..\Help\DocFX\articles\topic140.md
		..\..\Help\DocFX\articles\topic141.md = ..\..\Help\DocFX\articles\topic141.md
		..\..\Help\DocFX\articles\topic142.md = ..\..\Help\DocFX\articles\topic142.md
		..\..\Help\DocFX\articles\topic143.md = ..\..\Help\DocFX\articles\topic143.md
		..\..\Help\DocFX\articles\topic144.md = ..\..\Help\DocFX\articles\topic144.md
		..\..\Help\DocFX\articles\topic145.md = ..\..\Help\DocFX\articles\topic145.md
		..\..\Help\DocFX\articles\topic146.md = ..\..\Help\DocFX\articles\topic146.md
		..\..\Help\DocFX\articles\topic21.md = ..\..\Help\DocFX\articles\topic21.md
		..\..\Help\DocFX\articles\topic22.md = ..\..\Help\DocFX\articles\topic22.md
		..\..\Help\DocFX\articles\topic23.md = ..\..\Help\DocFX\articles\topic23.md
		..\..\Help\DocFX\articles\topic24.md = ..\..\Help\DocFX\articles\topic24.md
		..\..\Help\DocFX\articles\topic25.md = ..\..\Help\DocFX\articles\topic25.md
		..\..\Help\DocFX\articles\topic26.md = ..\..\Help\DocFX\articles\topic26.md
		..\..\Help\DocFX\articles\topic27.md = ..\..\Help\DocFX\articles\topic27.md
		..\..\Help\DocFX\articles\topic28.md = ..\..\Help\DocFX\articles\topic28.md
		..\..\Help\DocFX\articles\topic29.md = ..\..\Help\DocFX\articles\topic29.md
		..\..\Help\DocFX\articles\topic30.md = ..\..\Help\DocFX\articles\topic30.md
		..\..\Help\DocFX\articles\topic31.md = ..\..\Help\DocFX\articles\topic31.md
		..\..\Help\DocFX\articles\topic32.md = ..\..\Help\DocFX\articles\topic32.md
		..\..\Help\DocFX\articles\topic33.md = ..\..\Help\DocFX\articles\topic33.md
		..\..\Help\DocFX\articles\topic38.md = ..\..\Help\DocFX\articles\topic38.md
		..\..\Help\DocFX\articles\topic40.md = ..\..\Help\DocFX\articles\topic40.md
		..\..\Help\DocFX\articles\topic43.md = ..\..\Help\DocFX\articles\topic43.md
		..\..\Help\DocFX\articles\topic47.md = ..\..\Help\DocFX\articles\topic47.md
		..\..\Help\DocFX\articles\topic49.md = ..\..\Help\DocFX\articles\topic49.md
		..\..\Help\DocFX\articles\topic5.md = ..\..\Help\DocFX\articles\topic5.md
		..\..\Help\DocFX\articles\topic51.md = ..\..\Help\DocFX\articles\topic51.md
		..\..\Help\DocFX\articles\topic52.md = ..\..\Help\DocFX\articles\topic52.md
		..\..\Help\DocFX\articles\topic53.md = ..\..\Help\DocFX\articles\topic53.md
		..\..\Help\DocFX\articles\topic54.md = ..\..\Help\DocFX\articles\topic54.md
		..\..\Help\DocFX\articles\topic55.md = ..\..\Help\DocFX\articles\topic55.md
		..\..\Help\DocFX\articles\topic56.md = ..\..\Help\DocFX\articles\topic56.md
		..\..\Help\DocFX\articles\topic57.md = ..\..\Help\DocFX\articles\topic57.md
		..\..\Help\DocFX\articles\topic58.md = ..\..\Help\DocFX\articles\topic58.md
		..\..\Help\DocFX\articles\topic59.md = ..\..\Help\DocFX\articles\topic59.md
		..\..\Help\DocFX\articles\topic60.md = ..\..\Help\DocFX\articles\topic60.md
		..\..\Help\DocFX\articles\topic61.md = ..\..\Help\DocFX\articles\topic61.md
		..\..\Help\DocFX\articles\topic62.md = ..\..\Help\DocFX\articles\topic62.md
		..\..\Help\DocFX\articles\topic64.md = ..\..\Help\DocFX\articles\topic64.md
		..\..\Help\DocFX\articles\topic65.md = ..\..\Help\DocFX\articles\topic65.md
		..\..\Help\DocFX\articles\topic66.md = ..\..\Help\DocFX\articles\topic66.md
		..\..\Help\DocFX\articles\topic67.md = ..\..\Help\DocFX\articles\topic67.md
		..\..\Help\DocFX\articles\topic68.md = ..\..\Help\DocFX\articles\topic68.md
		..\..\Help\DocFX\articles\topic69.md = ..\..\Help\DocFX\articles\topic69.md
		..\..\Help\DocFX\articles\topic70.md = ..\..\Help\DocFX\articles\topic70.md
		..\..\Help\DocFX\articles\topic71.md = ..\..\Help\DocFX\articles\topic71.md
		..\..\Help\DocFX\articles\topic72.md = ..\..\Help\DocFX\articles\topic72.md
		..\..\Help\DocFX\articles\topic73.md = ..\..\Help\DocFX\articles\topic73.md
		..\..\Help\DocFX\articles\topic74.md = ..\..\Help\DocFX\articles\topic74.md
		..\..\Help\DocFX\articles\topic75.md = ..\..\Help\DocFX\articles\topic75.md
		..\..\Help\DocFX\articles\topic76.md = ..\..\Help\DocFX\articles\topic76.md
		..\..\Help\DocFX\articles\topic77.md = ..\..\Help\DocFX\articles\topic77.md
		..\..\Help\DocFX\articles\topic78.md = ..\..\Help\DocFX\articles\topic78.md
		..\..\Help\DocFX\articles\topic79.md = ..\..\Help\DocFX\articles\topic79.md
		..\..\Help\DocFX\articles\topic8.md = ..\..\Help\DocFX\articles\topic8.md
		..\..\Help\DocFX\articles\topic80.md = ..\..\Help\DocFX\articles\topic80.md
		..\..\Help\DocFX\articles\topic81.md = ..\..\Help\DocFX\articles\topic81.md
		..\..\Help\DocFX\articles\topic82.md = ..\..\Help\DocFX\articles\topic82.md
		..\..\Help\DocFX\articles\topic83.md = ..\..\Help\DocFX\articles\topic83.md
		..\..\Help\DocFX\articles\topic84.md = ..\..\Help\DocFX\articles\topic84.md
		..\..\Help\DocFX\articles\topic85.md = ..\..\Help\DocFX\articles\topic85.md
		..\..\Help\DocFX\articles\topic86.md = ..\..\Help\DocFX\articles\topic86.md
		..\..\Help\DocFX\articles\topic87.md = ..\..\Help\DocFX\articles\topic87.md
		..\..\Help\DocFX\articles\topic88.md = ..\..\Help\DocFX\articles\topic88.md
		..\..\Help\DocFX\articles\topic89.md = ..\..\Help\DocFX\articles\topic89.md
		..\..\Help\DocFX\articles\topic90.md = ..\..\Help\DocFX\articles\topic90.md
		..\..\Help\DocFX\articles\topic91.md = ..\..\Help\DocFX\articles\topic91.md
		..\..\Help\DocFX\articles\topic92.md = ..\..\Help\DocFX\articles\topic92.md
		..\..\Help\DocFX\articles\topic93.md = ..\..\Help\DocFX\articles\topic93.md
		..\..\Help\DocFX\articles\topic94.md = ..\..\Help\DocFX\articles\topic94.md
		..\..\Help\DocFX\articles\topic95.md = ..\..\Help\DocFX\articles\topic95.md
		..\..\Help\DocFX\articles\topic96.md = ..\..\Help\DocFX\articles\topic96.md
		..\..\Help\DocFX\articles\topic97.md = ..\..\Help\DocFX\articles\topic97.md
		..\..\Help\DocFX\articles\topic98.md = ..\..\Help\DocFX\articles\topic98.md
		..\..\Help\DocFX\articles\topic99.md = ..\..\Help\DocFX\articles\topic99.md
		..\..\Help\DocFX\articles\Using Krypton in VS2017.md = ..\..\Help\DocFX\articles\Using Krypton in VS2017.md
	EndProjectSection
EndProject
Project("{2150E333-8FDC-42A3-9474-1A3956D46DE8}") = "images", "images", "{A5C9F9CE-CCF0-4855-BEB7-624BA2C5DD8A}"
	ProjectSection(SolutionItems) = preProject
		..\..\Help\DocFX\articles\images\Background.png = ..\..\Help\DocFX\articles\images\Background.png
		..\..\Help\DocFX\articles\images\BackgroundBorders1.png = ..\..\Help\DocFX\articles\images\BackgroundBorders1.png
		..\..\Help\DocFX\articles\images\BackgroundBorders2.png = ..\..\Help\DocFX\articles\images\BackgroundBorders2.png
		..\..\Help\DocFX\articles\images\BackgroundColor1.png = ..\..\Help\DocFX\articles\images\BackgroundColor1.png
		..\..\Help\DocFX\articles\images\BackgroundColorAlign.png = ..\..\Help\DocFX\articles\images\BackgroundColorAlign.png
		..\..\Help\DocFX\articles\images\BackgroundColorAngle.png = ..\..\Help\DocFX\articles\images\BackgroundColorAngle.png
		..\..\Help\DocFX\articles\images\BackgroundHint1.png = ..\..\Help\DocFX\articles\images\BackgroundHint1.png
		..\..\Help\DocFX\articles\images\BackgroundHint2.png = ..\..\Help\DocFX\articles\images\BackgroundHint2.png
		..\..\Help\DocFX\articles\images\BackgroundHint3.png = ..\..\Help\DocFX\articles\images\BackgroundHint3.png
		..\..\Help\DocFX\articles\images\BackgroundImage.png = ..\..\Help\DocFX\articles\images\BackgroundImage.png
		..\..\Help\DocFX\articles\images\BackgroundImageAlign.png = ..\..\Help\DocFX\articles\images\BackgroundImageAlign.png
		..\..\Help\DocFX\articles\images\BorderAlign.png = ..\..\Help\DocFX\articles\images\BorderAlign.png
		..\..\Help\DocFX\articles\images\BorderAngle.png = ..\..\Help\DocFX\articles\images\BorderAngle.png
		..\..\Help\DocFX\articles\images\BorderEffect.png = ..\..\Help\DocFX\articles\images\BorderEffect.png
		..\..\Help\DocFX\articles\images\BorderImage.png = ..\..\Help\DocFX\articles\images\BorderImage.png
		..\..\Help\DocFX\articles\images\BorderProperties.png = ..\..\Help\DocFX\articles\images\BorderProperties.png
		..\..\Help\DocFX\articles\images\BorderRounding.png = ..\..\Help\DocFX\articles\images\BorderRounding.png
		..\..\Help\DocFX\articles\images\BorderSolid.png = ..\..\Help\DocFX\articles\images\BorderSolid.png
		..\..\Help\DocFX\articles\images\ButtonImages1.png = ..\..\Help\DocFX\articles\images\ButtonImages1.png
		..\..\Help\DocFX\articles\images\ButtonImages2.png = ..\..\Help\DocFX\articles\images\ButtonImages2.png
		..\..\Help\DocFX\articles\images\ButtonImages3.png = ..\..\Help\DocFX\articles\images\ButtonImages3.png
		..\..\Help\DocFX\articles\images\ButtonImages4.png = ..\..\Help\DocFX\articles\images\ButtonImages4.png
		..\..\Help\DocFX\articles\images\ButtonOverrides.png = ..\..\Help\DocFX\articles\images\ButtonOverrides.png
		..\..\Help\DocFX\articles\images\ButtonPalettes.png = ..\..\Help\DocFX\articles\images\ButtonPalettes.png
		..\..\Help\DocFX\articles\images\ButtonsImage10.png = ..\..\Help\DocFX\articles\images\ButtonsImage10.png
		..\..\Help\DocFX\articles\images\ButtonsImage11.png = ..\..\Help\DocFX\articles\images\ButtonsImage11.png
		..\..\Help\DocFX\articles\images\ButtonsImage12.png = ..\..\Help\DocFX\articles\images\ButtonsImage12.png
		..\..\Help\DocFX\articles\images\ButtonStatesOnly.png = ..\..\Help\DocFX\articles\images\ButtonStatesOnly.png
		..\..\Help\DocFX\articles\images\ButtonStyles.png = ..\..\Help\DocFX\articles\images\ButtonStyles.png
		..\..\Help\DocFX\articles\images\ButtonVisuals.png = ..\..\Help\DocFX\articles\images\ButtonVisuals.png
		..\..\Help\DocFX\articles\images\collapse.png = ..\..\Help\DocFX\articles\images\collapse.png
		..\..\Help\DocFX\articles\images\ColorStyle2.png = ..\..\Help\DocFX\articles\images\ColorStyle2.png
		..\..\Help\DocFX\articles\images\CommandProps.png = ..\..\Help\DocFX\articles\images\CommandProps.png
		..\..\Help\DocFX\articles\images\ContentAdjacentGap.png = ..\..\Help\DocFX\articles\images\ContentAdjacentGap.png
		..\..\Help\DocFX\articles\images\ContentAlign.png = ..\..\Help\DocFX\articles\images\ContentAlign.png
		..\..\Help\DocFX\articles\images\ContentAngle.png = ..\..\Help\DocFX\articles\images\ContentAngle.png
		..\..\Help\DocFX\articles\images\ContentAutoPad.png = ..\..\Help\DocFX\articles\images\ContentAutoPad.png
		..\..\Help\DocFX\articles\images\ContentCenter.png = ..\..\Help\DocFX\articles\images\ContentCenter.png
		..\..\Help\DocFX\articles\images\ContentDrawFocus.png = ..\..\Help\DocFX\articles\images\ContentDrawFocus.png
		..\..\Help\DocFX\articles\images\ContentFarFar.png = ..\..\Help\DocFX\articles\images\ContentFarFar.png
		..\..\Help\DocFX\articles\images\ContentFont.png = ..\..\Help\DocFX\articles\images\ContentFont.png
		..\..\Help\DocFX\articles\images\ContentImage.png = ..\..\Help\DocFX\articles\images\ContentImage.png
		..\..\Help\DocFX\articles\images\ContentImageAlign.png = ..\..\Help\DocFX\articles\images\ContentImageAlign.png
		..\..\Help\DocFX\articles\images\ContentImageProps.png = ..\..\Help\DocFX\articles\images\ContentImageProps.png
		..\..\Help\DocFX\articles\images\ContentImageRemapped.png = ..\..\Help\DocFX\articles\images\ContentImageRemapped.png
		..\..\Help\DocFX\articles\images\ContentMultiLine.png = ..\..\Help\DocFX\articles\images\ContentMultiLine.png
		..\..\Help\DocFX\articles\images\ContentPadding.png = ..\..\Help\DocFX\articles\images\ContentPadding.png
		..\..\Help\DocFX\articles\images\ContentPosition.png = ..\..\Help\DocFX\articles\images\ContentPosition.png
		..\..\Help\DocFX\articles\images\ContentSettings.png = ..\..\Help\DocFX\articles\images\ContentSettings.png
		..\..\Help\DocFX\articles\images\ContentSolid.png = ..\..\Help\DocFX\articles\images\ContentSolid.png
		..\..\Help\DocFX\articles\images\ContentValues.png = ..\..\Help\DocFX\articles\images\ContentValues.png
		..\..\Help\DocFX\articles\images\ContextMenuCheckBoxProps.png = ..\..\Help\DocFX\articles\images\ContextMenuCheckBoxProps.png
		..\..\Help\DocFX\articles\images\ContextMenuCheckButtonProps.png = ..\..\Help\DocFX\articles\images\ContextMenuCheckButtonProps.png
		..\..\Help\DocFX\articles\images\ContextMenuColorColumnsProps.png = ..\..\Help\DocFX\articles\images\ContextMenuColorColumnsProps.png
		..\..\Help\DocFX\articles\images\ContextMenuEvents.png = ..\..\Help\DocFX\articles\images\ContextMenuEvents.png
		..\..\Help\DocFX\articles\images\ContextMenuHeaderProps.png = ..\..\Help\DocFX\articles\images\ContextMenuHeaderProps.png
		..\..\Help\DocFX\articles\images\ContextMenuImageSelectProps.png = ..\..\Help\DocFX\articles\images\ContextMenuImageSelectProps.png
		..\..\Help\DocFX\articles\images\ContextMenuItemProps.png = ..\..\Help\DocFX\articles\images\ContextMenuItemProps.png
		..\..\Help\DocFX\articles\images\ContextMenuItemsProps.png = ..\..\Help\DocFX\articles\images\ContextMenuItemsProps.png
		..\..\Help\DocFX\articles\images\ContextMenuLinkLabelProps.png = ..\..\Help\DocFX\articles\images\ContextMenuLinkLabelProps.png
		..\..\Help\DocFX\articles\images\ContextMenuProps.png = ..\..\Help\DocFX\articles\images\ContextMenuProps.png
		..\..\Help\DocFX\articles\images\ContextMenuRadioButtonProps.png = ..\..\Help\DocFX\articles\images\ContextMenuRadioButtonProps.png
		..\..\Help\DocFX\articles\images\ContextMenuSepProps.png = ..\..\Help\DocFX\articles\images\ContextMenuSepProps.png
		..\..\Help\DocFX\articles\images\copycode.png = ..\..\Help\DocFX\articles\images\copycode.png
		..\..\Help\DocFX\articles\images\copycodeHighlight.png = ..\..\Help\DocFX\articles\images\copycodeHighlight.png
		..\..\Help\DocFX\articles\images\drpdown.png = ..\..\Help\DocFX\articles\images\drpdown.png
		..\..\Help\DocFX\articles\images\drpdown_orange.png = ..\..\Help\DocFX\articles\images\drpdown_orange.png
		..\..\Help\DocFX\articles\images\Embedded1.png = ..\..\Help\DocFX\articles\images\Embedded1.png
		..\..\Help\DocFX\articles\images\Embedded1_thumb.png = ..\..\Help\DocFX\articles\images\Embedded1_thumb.png
		..\..\Help\DocFX\articles\images\Embedded2.png = ..\..\Help\DocFX\articles\images\Embedded2.png
		..\..\Help\DocFX\articles\images\Embedded3.png = ..\..\Help\DocFX\articles\images\Embedded3.png
		..\..\Help\DocFX\articles\images\Embedded4.png = ..\..\Help\DocFX\articles\images\Embedded4.png
		..\..\Help\DocFX\articles\images\expand.png = ..\..\Help\DocFX\articles\images\expand.png
		..\..\Help\DocFX\articles\images\Expanding1.png = ..\..\Help\DocFX\articles\images\Expanding1.png
		..\..\Help\DocFX\articles\images\Expanding10.png = ..\..\Help\DocFX\articles\images\Expanding10.png
		..\..\Help\DocFX\articles\images\Expanding11.png = ..\..\Help\DocFX\articles\images\Expanding11.png
		..\..\Help\DocFX\articles\images\Expanding12.png = ..\..\Help\DocFX\articles\images\Expanding12.png
		..\..\Help\DocFX\articles\images\Expanding13.png = ..\..\Help\DocFX\articles\images\Expanding13.png
		..\..\Help\DocFX\articles\images\Expanding14.png = ..\..\Help\DocFX\articles\images\Expanding14.png
		..\..\Help\DocFX\articles\images\Expanding2.png = ..\..\Help\DocFX\articles\images\Expanding2.png
		..\..\Help\DocFX\articles\images\Expanding20.png = ..\..\Help\DocFX\articles\images\Expanding20.png
		..\..\Help\DocFX\articles\images\Expanding21.png = ..\..\Help\DocFX\articles\images\Expanding21.png
		..\..\Help\DocFX\articles\images\Expanding22.png = ..\..\Help\DocFX\articles\images\Expanding22.png
		..\..\Help\DocFX\articles\images\Expanding23.png = ..\..\Help\DocFX\articles\images\Expanding23.png
		..\..\Help\DocFX\articles\images\Expanding3.png = ..\..\Help\DocFX\articles\images\Expanding3.png
		..\..\Help\DocFX\articles\images\Expanding30.png = ..\..\Help\DocFX\articles\images\Expanding30.png
		..\..\Help\DocFX\articles\images\Expanding31.png = ..\..\Help\DocFX\articles\images\Expanding31.png
		..\..\Help\DocFX\articles\images\Expanding32.png = ..\..\Help\DocFX\articles\images\Expanding32.png
		..\..\Help\DocFX\articles\images\Expanding33.png = ..\..\Help\DocFX\articles\images\Expanding33.png
		..\..\Help\DocFX\articles\images\Expanding34.png = ..\..\Help\DocFX\articles\images\Expanding34.png
		..\..\Help\DocFX\articles\images\Expanding35.png = ..\..\Help\DocFX\articles\images\Expanding35.png
		..\..\Help\DocFX\articles\images\Expanding36.png = ..\..\Help\DocFX\articles\images\Expanding36.png
		..\..\Help\DocFX\articles\images\Expanding37.png = ..\..\Help\DocFX\articles\images\Expanding37.png
		..\..\Help\DocFX\articles\images\Expanding4.png = ..\..\Help\DocFX\articles\images\Expanding4.png
		..\..\Help\DocFX\articles\images\Expanding40.png = ..\..\Help\DocFX\articles\images\Expanding40.png
		..\..\Help\DocFX\articles\images\Expanding41.png = ..\..\Help\DocFX\articles\images\Expanding41.png
		..\..\Help\DocFX\articles\images\Expanding41_thumb.png = ..\..\Help\DocFX\articles\images\Expanding41_thumb.png
		..\..\Help\DocFX\articles\images\Expanding5.png = ..\..\Help\DocFX\articles\images\Expanding5.png
		..\..\Help\DocFX\articles\images\Expanding50.png = ..\..\Help\DocFX\articles\images\Expanding50.png
		..\..\Help\DocFX\articles\images\Expanding6.png = ..\..\Help\DocFX\articles\images\Expanding6.png
		..\..\Help\DocFX\articles\images\Expanding7.png = ..\..\Help\DocFX\articles\images\Expanding7.png
		..\..\Help\DocFX\articles\images\Expanding8.png = ..\..\Help\DocFX\articles\images\Expanding8.png
		..\..\Help\DocFX\articles\images\Expanding9.png = ..\..\Help\DocFX\articles\images\Expanding9.png
		..\..\Help\DocFX\articles\images\ExpandingDockStyle.png = ..\..\Help\DocFX\articles\images\ExpandingDockStyle.png
		..\..\Help\DocFX\articles\images\ExpandingDockStyle4.png = ..\..\Help\DocFX\articles\images\ExpandingDockStyle4.png
		..\..\Help\DocFX\articles\images\ExpandingDockStyle5.png = ..\..\Help\DocFX\articles\images\ExpandingDockStyle5.png
		..\..\Help\DocFX\articles\images\ExpandingDockStyle8.png = ..\..\Help\DocFX\articles\images\ExpandingDockStyle8.png
		..\..\Help\DocFX\articles\images\ExpandingDockStyle_thumb.png = ..\..\Help\DocFX\articles\images\ExpandingDockStyle_thumb.png
		..\..\Help\DocFX\articles\images\ExpandingDockStyleA.png = ..\..\Help\DocFX\articles\images\ExpandingDockStyleA.png
		..\..\Help\DocFX\articles\images\ExpandingDockStyleB.png = ..\..\Help\DocFX\articles\images\ExpandingDockStyleB.png
		..\..\Help\DocFX\articles\images\GalleryPreferredItemSize.png = ..\..\Help\DocFX\articles\images\GalleryPreferredItemSize.png
		..\..\Help\DocFX\articles\images\GalleryProps.png = ..\..\Help\DocFX\articles\images\GalleryProps.png
		..\..\Help\DocFX\articles\images\gradient.png = ..\..\Help\DocFX\articles\images\gradient.png
		..\..\Help\DocFX\articles\images\GroupHeader10.png = ..\..\Help\DocFX\articles\images\GroupHeader10.png
		..\..\Help\DocFX\articles\images\GroupHeader11.png = ..\..\Help\DocFX\articles\images\GroupHeader11.png
		..\..\Help\DocFX\articles\images\GroupHeader11_thumb.png = ..\..\Help\DocFX\articles\images\GroupHeader11_thumb.png
		..\..\Help\DocFX\articles\images\GroupHeader2.png = ..\..\Help\DocFX\articles\images\GroupHeader2.png
		..\..\Help\DocFX\articles\images\GroupHeader3.png = ..\..\Help\DocFX\articles\images\GroupHeader3.png
		..\..\Help\DocFX\articles\images\GroupHeader4.png = ..\..\Help\DocFX\articles\images\GroupHeader4.png
		..\..\Help\DocFX\articles\images\GroupHeader5.png = ..\..\Help\DocFX\articles\images\GroupHeader5.png
		..\..\Help\DocFX\articles\images\GroupHeader6.png = ..\..\Help\DocFX\articles\images\GroupHeader6.png
		..\..\Help\DocFX\articles\images\GroupHeader7.png = ..\..\Help\DocFX\articles\images\GroupHeader7.png
		..\..\Help\DocFX\articles\images\GroupHeader8.png = ..\..\Help\DocFX\articles\images\GroupHeader8.png
		..\..\Help\DocFX\articles\images\GroupHeader9.png = ..\..\Help\DocFX\articles\images\GroupHeader9.png
		..\..\Help\DocFX\articles\images\GroupHeaderWindow1.png = ..\..\Help\DocFX\articles\images\GroupHeaderWindow1.png
		..\..\Help\DocFX\articles\images\HeaderGroupValues.png = ..\..\Help\DocFX\articles\images\HeaderGroupValues.png
		..\..\Help\DocFX\articles\images\hs-caution.png = ..\..\Help\DocFX\articles\images\hs-caution.png
		..\..\Help\DocFX\articles\images\hs-collapsed.png = ..\..\Help\DocFX\articles\images\hs-collapsed.png
		..\..\Help\DocFX\articles\images\hs-enlarge.png = ..\..\Help\DocFX\articles\images\hs-enlarge.png
		..\..\Help\DocFX\articles\images\hs-expanded.png = ..\..\Help\DocFX\articles\images\hs-expanded.png
		..\..\Help\DocFX\articles\images\hs-heading-collapsed.png = ..\..\Help\DocFX\articles\images\hs-heading-collapsed.png
		..\..\Help\DocFX\articles\images\hs-heading-expanded.png = ..\..\Help\DocFX\articles\images\hs-heading-expanded.png
		..\..\Help\DocFX\articles\images\hs-note.png = ..\..\Help\DocFX\articles\images\hs-note.png
		..\..\Help\DocFX\articles\images\hs-shrink.png = ..\..\Help\DocFX\articles\images\hs-shrink.png
		..\..\Help\DocFX\articles\images\hs-simpletableft.png = ..\..\Help\DocFX\articles\images\hs-simpletableft.png
		..\..\Help\DocFX\articles\images\hs-simpletabright.png = ..\..\Help\DocFX\articles\images\hs-simpletabright.png
		..\..\Help\DocFX\articles\images\hs-tip.png = ..\..\Help\DocFX\articles\images\hs-tip.png
		..\..\Help\DocFX\articles\images\IB.png = ..\..\Help\DocFX\articles\images\IB.png
		..\..\Help\DocFX\articles\images\KCMMC.png = ..\..\Help\DocFX\articles\images\KCMMC.png
		..\..\Help\DocFX\articles\images\KMB.png = ..\..\Help\DocFX\articles\images\KMB.png
		..\..\Help\DocFX\articles\images\KNumericUpDown.png = ..\..\Help\DocFX\articles\images\KNumericUpDown.png
		..\..\Help\DocFX\articles\images\KNumericUpDown2.png = ..\..\Help\DocFX\articles\images\KNumericUpDown2.png
		..\..\Help\DocFX\articles\images\KNumericUpDown3.png = ..\..\Help\DocFX\articles\images\KNumericUpDown3.png
		..\..\Help\DocFX\articles\images\KRichTextBox1.png = ..\..\Help\DocFX\articles\images\KRichTextBox1.png
		..\..\Help\DocFX\articles\images\KRMC.png = ..\..\Help\DocFX\articles\images\KRMC.png
		..\..\Help\DocFX\articles\images\KryptonButton.png = ..\..\Help\DocFX\articles\images\KryptonButton.png
		..\..\Help\DocFX\articles\images\KryptonCheckButton.png = ..\..\Help\DocFX\articles\images\KryptonCheckButton.png
		..\..\Help\DocFX\articles\images\KryptonCheckSet.png = ..\..\Help\DocFX\articles\images\KryptonCheckSet.png
		..\..\Help\DocFX\articles\images\KryptonFormButtonSpec.png = ..\..\Help\DocFX\articles\images\KryptonFormButtonSpec.png
		..\..\Help\DocFX\articles\images\KryptonFormExtraText.png = ..\..\Help\DocFX\articles\images\KryptonFormExtraText.png
		..\..\Help\DocFX\articles\images\KryptonGroup.png = ..\..\Help\DocFX\articles\images\KryptonGroup.png
		..\..\Help\DocFX\articles\images\KryptonHeader.png = ..\..\Help\DocFX\articles\images\KryptonHeader.png
		..\..\Help\DocFX\articles\images\KryptonHeaderGroup.png = ..\..\Help\DocFX\articles\images\KryptonHeaderGroup.png
		..\..\Help\DocFX\articles\images\KryptonLabel.png = ..\..\Help\DocFX\articles\images\KryptonLabel.png
		..\..\Help\DocFX\articles\images\KryptonManager.png = ..\..\Help\DocFX\articles\images\KryptonManager.png
		..\..\Help\DocFX\articles\images\KryptonPalette.png = ..\..\Help\DocFX\articles\images\KryptonPalette.png
		..\..\Help\DocFX\articles\images\KryptonPanel.png = ..\..\Help\DocFX\articles\images\KryptonPanel.png
		..\..\Help\DocFX\articles\images\KryptonSplitContainer.png = ..\..\Help\DocFX\articles\images\KryptonSplitContainer.png
		..\..\Help\DocFX\articles\images\KSepDragging.png = ..\..\Help\DocFX\articles\images\KSepDragging.png
		..\..\Help\DocFX\articles\images\KSepOrient.png = ..\..\Help\DocFX\articles\images\KSepOrient.png
		..\..\Help\DocFX\articles\images\KTextBox1.png = ..\..\Help\DocFX\articles\images\KTextBox1.png
		..\..\Help\DocFX\articles\images\KTextBox2.png = ..\..\Help\DocFX\articles\images\KTextBox2.png
		..\..\Help\DocFX\articles\images\KTextBox3.png = ..\..\Help\DocFX\articles\images\KTextBox3.png
		..\..\Help\DocFX\articles\images\KTextBox3_thumb.png = ..\..\Help\DocFX\articles\images\KTextBox3_thumb.png
		..\..\Help\DocFX\articles\images\Layout1.png = ..\..\Help\DocFX\articles\images\Layout1.png
		..\..\Help\DocFX\articles\images\Layout2.png = ..\..\Help\DocFX\articles\images\Layout2.png
		..\..\Help\DocFX\articles\images\Layout3.png = ..\..\Help\DocFX\articles\images\Layout3.png
		..\..\Help\DocFX\articles\images\Layout4.png = ..\..\Help\DocFX\articles\images\Layout4.png
		..\..\Help\DocFX\articles\images\MovingWindow.png = ..\..\Help\DocFX\articles\images\MovingWindow.png
		..\..\Help\DocFX\articles\images\MovingWindow_thumb.png = ..\..\Help\DocFX\articles\images\MovingWindow_thumb.png
		..\..\Help\DocFX\articles\images\MultiCheck1.png = ..\..\Help\DocFX\articles\images\MultiCheck1.png
		..\..\Help\DocFX\articles\images\MultiCheck2.png = ..\..\Help\DocFX\articles\images\MultiCheck2.png
		..\..\Help\DocFX\articles\images\MultiCheck3.png = ..\..\Help\DocFX\articles\images\MultiCheck3.png
		..\..\Help\DocFX\articles\images\MultiCheck4.png = ..\..\Help\DocFX\articles\images\MultiCheck4.png
		..\..\Help\DocFX\articles\images\MultiCheck5.png = ..\..\Help\DocFX\articles\images\MultiCheck5.png
		..\..\Help\DocFX\articles\images\MultiCheck6.png = ..\..\Help\DocFX\articles\images\MultiCheck6.png
		..\..\Help\DocFX\articles\images\MultiCheck7.png = ..\..\Help\DocFX\articles\images\MultiCheck7.png
		..\..\Help\DocFX\articles\images\MultiCheck7_thumb.png = ..\..\Help\DocFX\articles\images\MultiCheck7_thumb.png
		..\..\Help\DocFX\articles\images\MultiCheck8.png = ..\..\Help\DocFX\articles\images\MultiCheck8.png
		..\..\Help\DocFX\articles\images\NumericUpDownProps.png = ..\..\Help\DocFX\articles\images\NumericUpDownProps.png
		..\..\Help\DocFX\articles\images\OutlookDropDownText.png = ..\..\Help\DocFX\articles\images\OutlookDropDownText.png
		..\..\Help\DocFX\articles\images\OutlookOrient.png = ..\..\Help\DocFX\articles\images\OutlookOrient.png
		..\..\Help\DocFX\articles\images\PaletteCustom.png = ..\..\Help\DocFX\articles\images\PaletteCustom.png
		..\..\Help\DocFX\articles\images\PaletteDesigner.png = ..\..\Help\DocFX\articles\images\PaletteDesigner.png
		..\..\Help\DocFX\articles\images\PaletteImport.png = ..\..\Help\DocFX\articles\images\PaletteImport.png
		..\..\Help\DocFX\articles\images\PaletteUpgradeTool.png = ..\..\Help\DocFX\articles\images\PaletteUpgradeTool.png
		..\..\Help\DocFX\articles\images\PalettteManager.png = ..\..\Help\DocFX\articles\images\PalettteManager.png
		..\..\Help\DocFX\articles\images\Panel1.png = ..\..\Help\DocFX\articles\images\Panel1.png
		..\..\Help\DocFX\articles\images\Panel2.png = ..\..\Help\DocFX\articles\images\Panel2.png
		..\..\Help\DocFX\articles\images\PanelClientHierarchy.png = ..\..\Help\DocFX\articles\images\PanelClientHierarchy.png
		..\..\Help\DocFX\articles\images\PopupPageBorder0.png = ..\..\Help\DocFX\articles\images\PopupPageBorder0.png
		..\..\Help\DocFX\articles\images\PopupPageBorder3.png = ..\..\Help\DocFX\articles\images\PopupPageBorder3.png
		..\..\Help\DocFX\articles\images\PrefixProp.png = ..\..\Help\DocFX\articles\images\PrefixProp.png
		..\..\Help\DocFX\articles\images\RadioButtonCheckPosition.png = ..\..\Help\DocFX\articles\images\RadioButtonCheckPosition.png
		..\..\Help\DocFX\articles\images\RadioButtonOrientation.png = ..\..\Help\DocFX\articles\images\RadioButtonOrientation.png
		..\..\Help\DocFX\articles\images\RadioButtonStates.png = ..\..\Help\DocFX\articles\images\RadioButtonStates.png
		..\..\Help\DocFX\articles\images\ShortTextProps.png = ..\..\Help\DocFX\articles\images\ShortTextProps.png
		..\..\Help\DocFX\articles\images\SplitContainer.png = ..\..\Help\DocFX\articles\images\SplitContainer.png
		..\..\Help\DocFX\articles\images\SplittersA1.png = ..\..\Help\DocFX\articles\images\SplittersA1.png
		..\..\Help\DocFX\articles\images\SplittersA10.png = ..\..\Help\DocFX\articles\images\SplittersA10.png
		..\..\Help\DocFX\articles\images\SplittersA2.png = ..\..\Help\DocFX\articles\images\SplittersA2.png
		..\..\Help\DocFX\articles\images\SplittersA3.png = ..\..\Help\DocFX\articles\images\SplittersA3.png
		..\..\Help\DocFX\articles\images\SplittersA4.png = ..\..\Help\DocFX\articles\images\SplittersA4.png
		..\..\Help\DocFX\articles\images\SplittersA5.png = ..\..\Help\DocFX\articles\images\SplittersA5.png
		..\..\Help\DocFX\articles\images\SplittersA6.png = ..\..\Help\DocFX\articles\images\SplittersA6.png
		..\..\Help\DocFX\articles\images\SplittersA7.png = ..\..\Help\DocFX\articles\images\SplittersA7.png
		..\..\Help\DocFX\articles\images\SplittersA8.png = ..\..\Help\DocFX\articles\images\SplittersA8.png
		..\..\Help\DocFX\articles\images\SplittersA9.png = ..\..\Help\DocFX\articles\images\SplittersA9.png
		..\..\Help\DocFX\articles\images\SplittersB1.png = ..\..\Help\DocFX\articles\images\SplittersB1.png
		..\..\Help\DocFX\articles\images\SplittersB10.png = ..\..\Help\DocFX\articles\images\SplittersB10.png
		..\..\Help\DocFX\articles\images\SplittersB11.png = ..\..\Help\DocFX\articles\images\SplittersB11.png
		..\..\Help\DocFX\articles\images\SplittersB2.png = ..\..\Help\DocFX\articles\images\SplittersB2.png
		..\..\Help\DocFX\articles\images\SplittersB3.png = ..\..\Help\DocFX\articles\images\SplittersB3.png
		..\..\Help\DocFX\articles\images\SplittersB4.png = ..\..\Help\DocFX\articles\images\SplittersB4.png
		..\..\Help\DocFX\articles\images\SplittersB5.png = ..\..\Help\DocFX\articles\images\SplittersB5.png
		..\..\Help\DocFX\articles\images\SplittersB6.png = ..\..\Help\DocFX\articles\images\SplittersB6.png
		..\..\Help\DocFX\articles\images\SplittersB7.png = ..\..\Help\DocFX\articles\images\SplittersB7.png
		..\..\Help\DocFX\articles\images\SplittersB8.png = ..\..\Help\DocFX\articles\images\SplittersB8.png
		..\..\Help\DocFX\articles\images\SplittersB9.png = ..\..\Help\DocFX\articles\images\SplittersB9.png
		..\..\Help\DocFX\articles\images\StackingA1.png = ..\..\Help\DocFX\articles\images\StackingA1.png
		..\..\Help\DocFX\articles\images\StackingA10.png = ..\..\Help\DocFX\articles\images\StackingA10.png
		..\..\Help\DocFX\articles\images\StackingA11.png = ..\..\Help\DocFX\articles\images\StackingA11.png
		..\..\Help\DocFX\articles\images\StackingA12.png = ..\..\Help\DocFX\articles\images\StackingA12.png
		..\..\Help\DocFX\articles\images\StackingA13.png = ..\..\Help\DocFX\articles\images\StackingA13.png
		..\..\Help\DocFX\articles\images\StackingA14.png = ..\..\Help\DocFX\articles\images\StackingA14.png
		..\..\Help\DocFX\articles\images\StackingA15.png = ..\..\Help\DocFX\articles\images\StackingA15.png
		..\..\Help\DocFX\articles\images\StackingA16.png = ..\..\Help\DocFX\articles\images\StackingA16.png
		..\..\Help\DocFX\articles\images\StackingA17.png = ..\..\Help\DocFX\articles\images\StackingA17.png
		..\..\Help\DocFX\articles\images\StackingA18.png = ..\..\Help\DocFX\articles\images\StackingA18.png
		..\..\Help\DocFX\articles\images\StackingA2.png = ..\..\Help\DocFX\articles\images\StackingA2.png
		..\..\Help\DocFX\articles\images\StackingA3.png = ..\..\Help\DocFX\articles\images\StackingA3.png
		..\..\Help\DocFX\articles\images\StackingA4.png = ..\..\Help\DocFX\articles\images\StackingA4.png
		..\..\Help\DocFX\articles\images\StackingA5.png = ..\..\Help\DocFX\articles\images\StackingA5.png
		..\..\Help\DocFX\articles\images\StackingA6.png = ..\..\Help\DocFX\articles\images\StackingA6.png
		..\..\Help\DocFX\articles\images\StackingA7.png = ..\..\Help\DocFX\articles\images\StackingA7.png
		..\..\Help\DocFX\articles\images\StackingA8.png = ..\..\Help\DocFX\articles\images\StackingA8.png
		..\..\Help\DocFX\articles\images\StackingA9.png = ..\..\Help\DocFX\articles\images\StackingA9.png
		..\..\Help\DocFX\articles\images\StackItem1.png = ..\..\Help\DocFX\articles\images\StackItem1.png
		..\..\Help\DocFX\articles\images\StackModes1.png = ..\..\Help\DocFX\articles\images\StackModes1.png
		..\..\Help\DocFX\articles\images\StackModes2.png = ..\..\Help\DocFX\articles\images\StackModes2.png
		..\..\Help\DocFX\articles\images\Star1.png = ..\..\Help\DocFX\articles\images\Star1.png
		..\..\Help\DocFX\articles\images\Star2.png = ..\..\Help\DocFX\articles\images\Star2.png
		..\..\Help\DocFX\articles\images\Star3.png = ..\..\Help\DocFX\articles\images\Star3.png
		..\..\Help\DocFX\articles\images\StarFixed1.png = ..\..\Help\DocFX\articles\images\StarFixed1.png
		..\..\Help\DocFX\articles\images\StarFixed2.png = ..\..\Help\DocFX\articles\images\StarFixed2.png
		..\..\Help\DocFX\articles\images\StarFixed3.png = ..\..\Help\DocFX\articles\images\StarFixed3.png
		..\..\Help\DocFX\articles\images\StarFixed4.png = ..\..\Help\DocFX\articles\images\StarFixed4.png
		..\..\Help\DocFX\articles\images\StatusStripMerging.png = ..\..\Help\DocFX\articles\images\StatusStripMerging.png
		..\..\Help\DocFX\articles\images\TDAll.png = ..\..\Help\DocFX\articles\images\TDAll.png
		..\..\Help\DocFX\articles\images\TDProps.png = ..\..\Help\DocFX\articles\images\TDProps.png
		..\..\Help\DocFX\articles\images\ThreePane1.png = ..\..\Help\DocFX\articles\images\ThreePane1.png
		..\..\Help\DocFX\articles\images\ThreePane10.png = ..\..\Help\DocFX\articles\images\ThreePane10.png
		..\..\Help\DocFX\articles\images\ThreePane12.png = ..\..\Help\DocFX\articles\images\ThreePane12.png
		..\..\Help\DocFX\articles\images\ThreePane13.png = ..\..\Help\DocFX\articles\images\ThreePane13.png
		..\..\Help\DocFX\articles\images\ThreePane14.png = ..\..\Help\DocFX\articles\images\ThreePane14.png
		..\..\Help\DocFX\articles\images\ThreePane15.png = ..\..\Help\DocFX\articles\images\ThreePane15.png
		..\..\Help\DocFX\articles\images\ThreePane16.png = ..\..\Help\DocFX\articles\images\ThreePane16.png
		..\..\Help\DocFX\articles\images\ThreePane17.png = ..\..\Help\DocFX\articles\images\ThreePane17.png
		..\..\Help\DocFX\articles\images\ThreePane18.png = ..\..\Help\DocFX\articles\images\ThreePane18.png
		..\..\Help\DocFX\articles\images\ThreePane19.png = ..\..\Help\DocFX\articles\images\ThreePane19.png
		..\..\Help\DocFX\articles\images\ThreePane2.png = ..\..\Help\DocFX\articles\images\ThreePane2.png
		..\..\Help\DocFX\articles\images\ThreePane20.png = ..\..\Help\DocFX\articles\images\ThreePane20.png
		..\..\Help\DocFX\articles\images\ThreePane21.png = ..\..\Help\DocFX\articles\images\ThreePane21.png
		..\..\Help\DocFX\articles\images\ThreePane22.png = ..\..\Help\DocFX\articles\images\ThreePane22.png
		..\..\Help\DocFX\articles\images\ThreePane23.png = ..\..\Help\DocFX\articles\images\ThreePane23.png
		..\..\Help\DocFX\articles\images\ThreePane23b.png = ..\..\Help\DocFX\articles\images\ThreePane23b.png
		..\..\Help\DocFX\articles\images\ThreePane23c.png = ..\..\Help\DocFX\articles\images\ThreePane23c.png
		..\..\Help\DocFX\articles\images\ThreePane24.png = ..\..\Help\DocFX\articles\images\ThreePane24.png
		..\..\Help\DocFX\articles\images\ThreePane28.png = ..\..\Help\DocFX\articles\images\ThreePane28.png
		..\..\Help\DocFX\articles\images\ThreePane29.png = ..\..\Help\DocFX\articles\images\ThreePane29.png
		..\..\Help\DocFX\articles\images\ThreePane3.png = ..\..\Help\DocFX\articles\images\ThreePane3.png
		..\..\Help\DocFX\articles\images\ThreePane30.png = ..\..\Help\DocFX\articles\images\ThreePane30.png
		..\..\Help\DocFX\articles\images\ThreePane31.png = ..\..\Help\DocFX\articles\images\ThreePane31.png
		..\..\Help\DocFX\articles\images\ThreePane32.png = ..\..\Help\DocFX\articles\images\ThreePane32.png
		..\..\Help\DocFX\articles\images\ThreePane4.png = ..\..\Help\DocFX\articles\images\ThreePane4.png
		..\..\Help\DocFX\articles\images\ThreePane40.png = ..\..\Help\DocFX\articles\images\ThreePane40.png
		..\..\Help\DocFX\articles\images\ThreePane40_thumb.png = ..\..\Help\DocFX\articles\images\ThreePane40_thumb.png
		..\..\Help\DocFX\articles\images\ThreePane5.png = ..\..\Help\DocFX\articles\images\ThreePane5.png
		..\..\Help\DocFX\articles\images\ThreePane6.png = ..\..\Help\DocFX\articles\images\ThreePane6.png
		..\..\Help\DocFX\articles\images\ThreePane7.png = ..\..\Help\DocFX\articles\images\ThreePane7.png
		..\..\Help\DocFX\articles\images\ThreePane7b.png = ..\..\Help\DocFX\articles\images\ThreePane7b.png
		..\..\Help\DocFX\articles\images\ThreePane8.png = ..\..\Help\DocFX\articles\images\ThreePane8.png
		..\..\Help\DocFX\articles\images\ThreePane9.png = ..\..\Help\DocFX\articles\images\ThreePane9.png
		..\..\Help\DocFX\articles\images\ThreePaneA1.png = ..\..\Help\DocFX\articles\images\ThreePaneA1.png
		..\..\Help\DocFX\articles\images\ThreePaneA10.png = ..\..\Help\DocFX\articles\images\ThreePaneA10.png
		..\..\Help\DocFX\articles\images\ThreePaneA11.png = ..\..\Help\DocFX\articles\images\ThreePaneA11.png
		..\..\Help\DocFX\articles\images\ThreePaneA12.png = ..\..\Help\DocFX\articles\images\ThreePaneA12.png
		..\..\Help\DocFX\articles\images\ThreePaneA13.png = ..\..\Help\DocFX\articles\images\ThreePaneA13.png
		..\..\Help\DocFX\articles\images\ThreePaneA14.png = ..\..\Help\DocFX\articles\images\ThreePaneA14.png
		..\..\Help\DocFX\articles\images\ThreePaneA15.png = ..\..\Help\DocFX\articles\images\ThreePaneA15.png
		..\..\Help\DocFX\articles\images\ThreePaneA16.png = ..\..\Help\DocFX\articles\images\ThreePaneA16.png
		..\..\Help\DocFX\articles\images\ThreePaneA17.png = ..\..\Help\DocFX\articles\images\ThreePaneA17.png
		..\..\Help\DocFX\articles\images\ThreePaneA18.png = ..\..\Help\DocFX\articles\images\ThreePaneA18.png
		..\..\Help\DocFX\articles\images\ThreePaneA19.png = ..\..\Help\DocFX\articles\images\ThreePaneA19.png
		..\..\Help\DocFX\articles\images\ThreePaneA2.png = ..\..\Help\DocFX\articles\images\ThreePaneA2.png
		..\..\Help\DocFX\articles\images\ThreePaneA20.png = ..\..\Help\DocFX\articles\images\ThreePaneA20.png
		..\..\Help\DocFX\articles\images\ThreePaneA21.png = ..\..\Help\DocFX\articles\images\ThreePaneA21.png
		..\..\Help\DocFX\articles\images\ThreePaneA22.png = ..\..\Help\DocFX\articles\images\ThreePaneA22.png
		..\..\Help\DocFX\articles\images\ThreePaneA22_thumb.png = ..\..\Help\DocFX\articles\images\ThreePaneA22_thumb.png
		..\..\Help\DocFX\articles\images\ThreePaneA3.png = ..\..\Help\DocFX\articles\images\ThreePaneA3.png
		..\..\Help\DocFX\articles\images\ThreePaneA4.png = ..\..\Help\DocFX\articles\images\ThreePaneA4.png
		..\..\Help\DocFX\articles\images\ThreePaneA5.png = ..\..\Help\DocFX\articles\images\ThreePaneA5.png
		..\..\Help\DocFX\articles\images\ThreePaneA6.png = ..\..\Help\DocFX\articles\images\ThreePaneA6.png
		..\..\Help\DocFX\articles\images\ThreePaneA7.png = ..\..\Help\DocFX\articles\images\ThreePaneA7.png
		..\..\Help\DocFX\articles\images\ThreePaneA8.png = ..\..\Help\DocFX\articles\images\ThreePaneA8.png
		..\..\Help\DocFX\articles\images\ThreePaneA9.png = ..\..\Help\DocFX\articles\images\ThreePaneA9.png
		..\..\Help\DocFX\articles\images\ThreePanel33.png = ..\..\Help\DocFX\articles\images\ThreePanel33.png
		..\..\Help\DocFX\articles\images\ToolBox_Start.PNG = ..\..\Help\DocFX\articles\images\ToolBox_Start.PNG
		..\..\Help\DocFX\articles\images\TrackBarOrientation.png = ..\..\Help\DocFX\articles\images\TrackBarOrientation.png
		..\..\Help\DocFX\articles\images\TrackBarStates.png = ..\..\Help\DocFX\articles\images\TrackBarStates.png
		..\..\Help\DocFX\articles\images\TreeViewA.png = ..\..\Help\DocFX\articles\images\TreeViewA.png
		..\..\Help\DocFX\articles\images\TreeViewCB.png = ..\..\Help\DocFX\articles\images\TreeViewCB.png
		..\..\Help\DocFX\articles\images\TreeViewNL.png = ..\..\Help\DocFX\articles\images\TreeViewNL.png
		..\..\Help\DocFX\articles\images\TrimProperty.png = ..\..\Help\DocFX\articles\images\TrimProperty.png
		..\..\Help\DocFX\articles\images\UserPage1.png = ..\..\Help\DocFX\articles\images\UserPage1.png
		..\..\Help\DocFX\articles\images\UserPage2.png = ..\..\Help\DocFX\articles\images\UserPage2.png
		..\..\Help\DocFX\articles\images\UserPage3.png = ..\..\Help\DocFX\articles\images\UserPage3.png
		..\..\Help\DocFX\articles\images\UserPage4.png = ..\..\Help\DocFX\articles\images\UserPage4.png
		..\..\Help\DocFX\articles\images\UserPage5.png = ..\..\Help\DocFX\articles\images\UserPage5.png
		..\..\Help\DocFX\articles\images\UserPage6.png = ..\..\Help\DocFX\articles\images\UserPage6.png
		..\..\Help\DocFX\articles\images\WorkspaceProps.png = ..\..\Help\DocFX\articles\images\WorkspaceProps.png
	EndProjectSection
EndProject
Project("{2150E333-8FDC-42A3-9474-1A3956D46DE8}") = "docfx-tmpl", "docfx-tmpl", "{D6D14E45-AE08-45A5-87C8-4BA6A7F8BF17}"
	ProjectSection(SolutionItems) = preProject
		..\..\Help\DocFX\docfx-tmpl\LICENSE.md = ..\..\Help\DocFX\docfx-tmpl\LICENSE.md
		..\..\Help\DocFX\docfx-tmpl\README.md = ..\..\Help\DocFX\docfx-tmpl\README.md
	EndProjectSection
EndProject
Project("{2150E333-8FDC-42A3-9474-1A3956D46DE8}") = "Updates", "Updates", "{8071D2CE-0F60-4DDE-B067-7C755E14A33A}"
	ProjectSection(SolutionItems) = preProject
		..\..\Updates\update.xml = ..\..\Updates\update.xml
		..\..\Updates\updates.txt = ..\..\Updates\updates.txt
	EndProjectSection
EndProject
Project("{2150E333-8FDC-42A3-9474-1A3956D46DE8}") = "Experimental", "Experimental", "{03BE16FD-FA20-4F71-A717-0C397988F806}"
	ProjectSection(SolutionItems) = preProject
		..\..\Updates\Experimental\update.xml = ..\..\Updates\Experimental\update.xml
	EndProjectSection
EndProject
Project("{2150E333-8FDC-42A3-9474-1A3956D46DE8}") = "Changelog", "Changelog", "{29748D21-B5F4-4C80-A030-7B7720BF8021}"
	ProjectSection(SolutionItems) = preProject
		..\..\Updates\changelog\changelog.html = ..\..\Updates\changelog\changelog.html
	EndProjectSection
EndProject
Project("{2150E333-8FDC-42A3-9474-1A3956D46DE8}") = "CSS", "CSS", "{F4852EB6-6AC9-4B1A-ADB6-4077330A2ED5}"
	ProjectSection(SolutionItems) = preProject
		..\..\Updates\changelog\css\main.css = ..\..\Updates\changelog\css\main.css
		..\..\Updates\changelog\css\table.css = ..\..\Updates\changelog\css\table.css
	EndProjectSection
EndProject
Project("{2150E333-8FDC-42A3-9474-1A3956D46DE8}") = "IMG", "IMG", "{29935FC9-D8AE-4C7A-83AB-03C3E6179946}"
	ProjectSection(SolutionItems) = preProject
		..\..\Updates\changelog\img\Krypton.ico = ..\..\Updates\changelog\img\Krypton.ico
	EndProjectSection
EndProject
Project("{2150E333-8FDC-42A3-9474-1A3956D46DE8}") = "Toolkit", "Toolkit", "{CA88FB45-422D-42F2-A740-8BB76535B632}"
	ProjectSection(SolutionItems) = preProject
		..\..\Help\DocFX\articles\Toolkit\ButtonSpec.md = ..\..\Help\DocFX\articles\Toolkit\ButtonSpec.md
		..\..\Help\DocFX\articles\Toolkit\KryptonBorderEdge.md = ..\..\Help\DocFX\articles\Toolkit\KryptonBorderEdge.md
		..\..\Help\DocFX\articles\Toolkit\KryptonBorderEdge1.png = ..\..\Help\DocFX\articles\Toolkit\KryptonBorderEdge1.png
		..\..\Help\DocFX\articles\Toolkit\KryptonBorderEdge2.png = ..\..\Help\DocFX\articles\Toolkit\KryptonBorderEdge2.png
		..\..\Help\DocFX\articles\Toolkit\KryptonBreadCrumb.md = ..\..\Help\DocFX\articles\Toolkit\KryptonBreadCrumb.md
		..\..\Help\DocFX\articles\Toolkit\KryptonBreadCrumb1.png = ..\..\Help\DocFX\articles\Toolkit\KryptonBreadCrumb1.png
		..\..\Help\DocFX\articles\Toolkit\KryptonBreadCrumb2.png = ..\..\Help\DocFX\articles\Toolkit\KryptonBreadCrumb2.png
		..\..\Help\DocFX\articles\Toolkit\KryptonButton.md = ..\..\Help\DocFX\articles\Toolkit\KryptonButton.md
		..\..\Help\DocFX\articles\Toolkit\KryptonButton1.png = ..\..\Help\DocFX\articles\Toolkit\KryptonButton1.png
		..\..\Help\DocFX\articles\Toolkit\KryptonButton2.png = ..\..\Help\DocFX\articles\Toolkit\KryptonButton2.png
		..\..\Help\DocFX\articles\Toolkit\KryptonButton3.png = ..\..\Help\DocFX\articles\Toolkit\KryptonButton3.png
		..\..\Help\DocFX\articles\Toolkit\KryptonCheckBox.md = ..\..\Help\DocFX\articles\Toolkit\KryptonCheckBox.md
		..\..\Help\DocFX\articles\Toolkit\KryptonCheckBox1.png = ..\..\Help\DocFX\articles\Toolkit\KryptonCheckBox1.png
		..\..\Help\DocFX\articles\Toolkit\KryptonCheckBox2.png = ..\..\Help\DocFX\articles\Toolkit\KryptonCheckBox2.png
		..\..\Help\DocFX\articles\Toolkit\KryptonCheckBox3.png = ..\..\Help\DocFX\articles\Toolkit\KryptonCheckBox3.png
		..\..\Help\DocFX\articles\Toolkit\KryptonCheckButton.md = ..\..\Help\DocFX\articles\Toolkit\KryptonCheckButton.md
		..\..\Help\DocFX\articles\Toolkit\KryptonCheckButton1.png = ..\..\Help\DocFX\articles\Toolkit\KryptonCheckButton1.png
		..\..\Help\DocFX\articles\Toolkit\KryptonCheckButton2.png = ..\..\Help\DocFX\articles\Toolkit\KryptonCheckButton2.png
		..\..\Help\DocFX\articles\Toolkit\KryptonCheckedListBox.md = ..\..\Help\DocFX\articles\Toolkit\KryptonCheckedListBox.md
		..\..\Help\DocFX\articles\Toolkit\KryptonCheckedListBox1.png = ..\..\Help\DocFX\articles\Toolkit\KryptonCheckedListBox1.png
		..\..\Help\DocFX\articles\Toolkit\KryptonCheckedListBox2.png = ..\..\Help\DocFX\articles\Toolkit\KryptonCheckedListBox2.png
		..\..\Help\DocFX\articles\Toolkit\KryptonCheckedListBox3.png = ..\..\Help\DocFX\articles\Toolkit\KryptonCheckedListBox3.png
		..\..\Help\DocFX\articles\Toolkit\KryptonCheckSet.md = ..\..\Help\DocFX\articles\Toolkit\KryptonCheckSet.md
		..\..\Help\DocFX\articles\Toolkit\KryptonColorButton.md = ..\..\Help\DocFX\articles\Toolkit\KryptonColorButton.md
		..\..\Help\DocFX\articles\Toolkit\KryptonColorButton1.png = ..\..\Help\DocFX\articles\Toolkit\KryptonColorButton1.png
		..\..\Help\DocFX\articles\Toolkit\KryptonColorButton2.png = ..\..\Help\DocFX\articles\Toolkit\KryptonColorButton2.png
		..\..\Help\DocFX\articles\Toolkit\KryptonColorButton3.png = ..\..\Help\DocFX\articles\Toolkit\KryptonColorButton3.png
		..\..\Help\DocFX\articles\Toolkit\KryptonColorButton4.png = ..\..\Help\DocFX\articles\Toolkit\KryptonColorButton4.png
		..\..\Help\DocFX\articles\Toolkit\KryptonColorButton5.png = ..\..\Help\DocFX\articles\Toolkit\KryptonColorButton5.png
		..\..\Help\DocFX\articles\Toolkit\KryptonComboBox.md = ..\..\Help\DocFX\articles\Toolkit\KryptonComboBox.md
		..\..\Help\DocFX\articles\Toolkit\KryptonComboBox1.png = ..\..\Help\DocFX\articles\Toolkit\KryptonComboBox1.png
		..\..\Help\DocFX\articles\Toolkit\KryptonComboBox2.png = ..\..\Help\DocFX\articles\Toolkit\KryptonComboBox2.png
		..\..\Help\DocFX\articles\Toolkit\KryptonComboBox3.png = ..\..\Help\DocFX\articles\Toolkit\KryptonComboBox3.png
		..\..\Help\DocFX\articles\Toolkit\KryptonDataGridView.md = ..\..\Help\DocFX\articles\Toolkit\KryptonDataGridView.md
		..\..\Help\DocFX\articles\Toolkit\KryptonDataGridView1.png = ..\..\Help\DocFX\articles\Toolkit\KryptonDataGridView1.png
		..\..\Help\DocFX\articles\Toolkit\KryptonDataGridView2.png = ..\..\Help\DocFX\articles\Toolkit\KryptonDataGridView2.png
		..\..\Help\DocFX\articles\Toolkit\KryptonDataGridView3.png = ..\..\Help\DocFX\articles\Toolkit\KryptonDataGridView3.png
		..\..\Help\DocFX\articles\Toolkit\KryptonDataGridView4.png = ..\..\Help\DocFX\articles\Toolkit\KryptonDataGridView4.png
		..\..\Help\DocFX\articles\Toolkit\KryptonDateTimePicker.md = ..\..\Help\DocFX\articles\Toolkit\KryptonDateTimePicker.md
		..\..\Help\DocFX\articles\Toolkit\KryptonDateTimePicker1.png = ..\..\Help\DocFX\articles\Toolkit\KryptonDateTimePicker1.png
		..\..\Help\DocFX\articles\Toolkit\KryptonDateTimePicker2.png = ..\..\Help\DocFX\articles\Toolkit\KryptonDateTimePicker2.png
		..\..\Help\DocFX\articles\Toolkit\KryptonDateTimePicker3.png = ..\..\Help\DocFX\articles\Toolkit\KryptonDateTimePicker3.png
		..\..\Help\DocFX\articles\Toolkit\KryptonDomainUpDown.md = ..\..\Help\DocFX\articles\Toolkit\KryptonDomainUpDown.md
		..\..\Help\DocFX\articles\Toolkit\KryptonDomainUpDown1.png = ..\..\Help\DocFX\articles\Toolkit\KryptonDomainUpDown1.png
		..\..\Help\DocFX\articles\Toolkit\KryptonDomainUpDown2.png = ..\..\Help\DocFX\articles\Toolkit\KryptonDomainUpDown2.png
		..\..\Help\DocFX\articles\Toolkit\KryptonDomainUpDown3.png = ..\..\Help\DocFX\articles\Toolkit\KryptonDomainUpDown3.png
		..\..\Help\DocFX\articles\Toolkit\KryptonDropButton.md = ..\..\Help\DocFX\articles\Toolkit\KryptonDropButton.md
		..\..\Help\DocFX\articles\Toolkit\KryptonDropButton1.png = ..\..\Help\DocFX\articles\Toolkit\KryptonDropButton1.png
		..\..\Help\DocFX\articles\Toolkit\KryptonDropButton2.png = ..\..\Help\DocFX\articles\Toolkit\KryptonDropButton2.png
		..\..\Help\DocFX\articles\Toolkit\KryptonDropButton3.png = ..\..\Help\DocFX\articles\Toolkit\KryptonDropButton3.png
		..\..\Help\DocFX\articles\Toolkit\KryptonDropButton4.png = ..\..\Help\DocFX\articles\Toolkit\KryptonDropButton4.png
		..\..\Help\DocFX\articles\Toolkit\KryptonDropButton5.png = ..\..\Help\DocFX\articles\Toolkit\KryptonDropButton5.png
		..\..\Help\DocFX\articles\Toolkit\KryptonGroup.md = ..\..\Help\DocFX\articles\Toolkit\KryptonGroup.md
		..\..\Help\DocFX\articles\Toolkit\KryptonGroup1.png = ..\..\Help\DocFX\articles\Toolkit\KryptonGroup1.png
		..\..\Help\DocFX\articles\Toolkit\KryptonGroupBox1.png = ..\..\Help\DocFX\articles\Toolkit\KryptonGroupBox1.png
		..\..\Help\DocFX\articles\Toolkit\KryptonHeader.md = ..\..\Help\DocFX\articles\Toolkit\KryptonHeader.md
		..\..\Help\DocFX\articles\Toolkit\KryptonHeader1.png = ..\..\Help\DocFX\articles\Toolkit\KryptonHeader1.png
		..\..\Help\DocFX\articles\Toolkit\KryptonHeader2.png = ..\..\Help\DocFX\articles\Toolkit\KryptonHeader2.png
		..\..\Help\DocFX\articles\Toolkit\KryptonHeader3.png = ..\..\Help\DocFX\articles\Toolkit\KryptonHeader3.png
		..\..\Help\DocFX\articles\Toolkit\KryptonHeader4.png = ..\..\Help\DocFX\articles\Toolkit\KryptonHeader4.png
		..\..\Help\DocFX\articles\Toolkit\KryptonHeaderGroup.md = ..\..\Help\DocFX\articles\Toolkit\KryptonHeaderGroup.md
		..\..\Help\DocFX\articles\Toolkit\KryptonHeaderGroup1.png = ..\..\Help\DocFX\articles\Toolkit\KryptonHeaderGroup1.png
		..\..\Help\DocFX\articles\Toolkit\KryptonHeaderGroup2.png = ..\..\Help\DocFX\articles\Toolkit\KryptonHeaderGroup2.png
		..\..\Help\DocFX\articles\Toolkit\KryptonHeaderGroup3.png = ..\..\Help\DocFX\articles\Toolkit\KryptonHeaderGroup3.png
		..\..\Help\DocFX\articles\Toolkit\KryptonHeaderGroup4.png = ..\..\Help\DocFX\articles\Toolkit\KryptonHeaderGroup4.png
		..\..\Help\DocFX\articles\Toolkit\KryptonLabel.md = ..\..\Help\DocFX\articles\Toolkit\KryptonLabel.md
		..\..\Help\DocFX\articles\Toolkit\KryptonLabel1.png = ..\..\Help\DocFX\articles\Toolkit\KryptonLabel1.png
		..\..\Help\DocFX\articles\Toolkit\KryptonLabel2.png = ..\..\Help\DocFX\articles\Toolkit\KryptonLabel2.png
		..\..\Help\DocFX\articles\Toolkit\KryptonLinkLabel.md = ..\..\Help\DocFX\articles\Toolkit\KryptonLinkLabel.md
		..\..\Help\DocFX\articles\Toolkit\KryptonLinkLabel2.png = ..\..\Help\DocFX\articles\Toolkit\KryptonLinkLabel2.png
		..\..\Help\DocFX\articles\Toolkit\KryptonListBox.md = ..\..\Help\DocFX\articles\Toolkit\KryptonListBox.md
		..\..\Help\DocFX\articles\Toolkit\KryptonListBox1.png = ..\..\Help\DocFX\articles\Toolkit\KryptonListBox1.png
		..\..\Help\DocFX\articles\Toolkit\KryptonListBox2.png = ..\..\Help\DocFX\articles\Toolkit\KryptonListBox2.png
		..\..\Help\DocFX\articles\Toolkit\KryptonListBox3.png = ..\..\Help\DocFX\articles\Toolkit\KryptonListBox3.png
		..\..\Help\DocFX\articles\Toolkit\KryptonMaskedTextBox.md = ..\..\Help\DocFX\articles\Toolkit\KryptonMaskedTextBox.md
		..\..\Help\DocFX\articles\Toolkit\KryptonMaskedTextBox1.png = ..\..\Help\DocFX\articles\Toolkit\KryptonMaskedTextBox1.png
		..\..\Help\DocFX\articles\Toolkit\KryptonMaskedTextBox2.png = ..\..\Help\DocFX\articles\Toolkit\KryptonMaskedTextBox2.png
		..\..\Help\DocFX\articles\Toolkit\KryptonMaskedTextBox3.png = ..\..\Help\DocFX\articles\Toolkit\KryptonMaskedTextBox3.png
		..\..\Help\DocFX\articles\Toolkit\KryptonMonthCalendar.md = ..\..\Help\DocFX\articles\Toolkit\KryptonMonthCalendar.md
		..\..\Help\DocFX\articles\Toolkit\KryptonMonthCalendar1.png = ..\..\Help\DocFX\articles\Toolkit\KryptonMonthCalendar1.png
		..\..\Help\DocFX\articles\Toolkit\KryptonMonthCalendar2.png = ..\..\Help\DocFX\articles\Toolkit\KryptonMonthCalendar2.png
	EndProjectSection
EndProject
Project("{2150E333-8FDC-42A3-9474-1A3956D46DE8}") = "Docking", "Docking", "{31384D8E-42C8-4817-9C74-BDF0EFDC61F6}"
	ProjectSection(SolutionItems) = preProject
		..\..\Help\DocFX\articles\Docking\DockC5.png = ..\..\Help\DocFX\articles\Docking\DockC5.png
		..\..\Help\DocFX\articles\Docking\DockD1.png = ..\..\Help\DocFX\articles\Docking\DockD1.png
		..\..\Help\DocFX\articles\Docking\DockD2.png = ..\..\Help\DocFX\articles\Docking\DockD2.png
		..\..\Help\DocFX\articles\Docking\DockD3.png = ..\..\Help\DocFX\articles\Docking\DockD3.png
		..\..\Help\DocFX\articles\Docking\DockFlags1.png = ..\..\Help\DocFX\articles\Docking\DockFlags1.png
		..\..\Help\DocFX\articles\Docking\DockFlags2.png = ..\..\Help\DocFX\articles\Docking\DockFlags2.png
		..\..\Help\DocFX\articles\Docking\DockPageC1.png = ..\..\Help\DocFX\articles\Docking\DockPageC1.png
		..\..\Help\DocFX\articles\Docking\DockPageC2.png = ..\..\Help\DocFX\articles\Docking\DockPageC2.png
		..\..\Help\DocFX\articles\Docking\DockPageC3.png = ..\..\Help\DocFX\articles\Docking\DockPageC3.png
		..\..\Help\DocFX\articles\Docking\DockStyleA1.png = ..\..\Help\DocFX\articles\Docking\DockStyleA1.png
		..\..\Help\DocFX\articles\Docking\DockStyleA2.png = ..\..\Help\DocFX\articles\Docking\DockStyleA2.png
		..\..\Help\DocFX\articles\Docking\DockStyleA3.png = ..\..\Help\DocFX\articles\Docking\DockStyleA3.png
		..\..\Help\DocFX\articles\Docking\DockStyleA4.png = ..\..\Help\DocFX\articles\Docking\DockStyleA4.png
		..\..\Help\DocFX\articles\Docking\DockStyleA5.png = ..\..\Help\DocFX\articles\Docking\DockStyleA5.png
		..\..\Help\DocFX\articles\Docking\DockStyleA6.png = ..\..\Help\DocFX\articles\Docking\DockStyleA6.png
		..\..\Help\DocFX\articles\Docking\DockStyleB1.png = ..\..\Help\DocFX\articles\Docking\DockStyleB1.png
		..\..\Help\DocFX\articles\Docking\DockStyleB2.png = ..\..\Help\DocFX\articles\Docking\DockStyleB2.png
	EndProjectSection
EndProject
Project("{2150E333-8FDC-42A3-9474-1A3956D46DE8}") = "Navigator", "Navigator", "{DC40A434-B451-4050-9877-03AAE945B563}"
	ProjectSection(SolutionItems) = preProject
		..\..\Help\DocFX\articles\Navigator\NavBarFigure1.png = ..\..\Help\DocFX\articles\Navigator\NavBarFigure1.png
		..\..\Help\DocFX\articles\Navigator\NavBarFigure2.png = ..\..\Help\DocFX\articles\Navigator\NavBarFigure2.png
		..\..\Help\DocFX\articles\Navigator\NavBarFigure3.png = ..\..\Help\DocFX\articles\Navigator\NavBarFigure3.png
		..\..\Help\DocFX\articles\Navigator\NavBarFigure4.png = ..\..\Help\DocFX\articles\Navigator\NavBarFigure4.png
		..\..\Help\DocFX\articles\Navigator\NavBarFigure5.png = ..\..\Help\DocFX\articles\Navigator\NavBarFigure5.png
		..\..\Help\DocFX\articles\Navigator\NavBarFigure6.png = ..\..\Help\DocFX\articles\Navigator\NavBarFigure6.png
		..\..\Help\DocFX\articles\Navigator\NavBarFigure7.png = ..\..\Help\DocFX\articles\Navigator\NavBarFigure7.png
		..\..\Help\DocFX\articles\Navigator\NavBarFigure8.png = ..\..\Help\DocFX\articles\Navigator\NavBarFigure8.png
		..\..\Help\DocFX\articles\Navigator\NavBarMultiline.png = ..\..\Help\DocFX\articles\Navigator\NavBarMultiline.png
		..\..\Help\DocFX\articles\Navigator\NavBarProperties.png = ..\..\Help\DocFX\articles\Navigator\NavBarProperties.png
		..\..\Help\DocFX\articles\Navigator\NavButtonFigure1.png = ..\..\Help\DocFX\articles\Navigator\NavButtonFigure1.png
		..\..\Help\DocFX\articles\Navigator\NavButtonFigure2.png = ..\..\Help\DocFX\articles\Navigator\NavButtonFigure2.png
		..\..\Help\DocFX\articles\Navigator\NavButtonFigure3.png = ..\..\Help\DocFX\articles\Navigator\NavButtonFigure3.png
		..\..\Help\DocFX\articles\Navigator\NavButtonProperties.png = ..\..\Help\DocFX\articles\Navigator\NavButtonProperties.png
		..\..\Help\DocFX\articles\Navigator\NavFirstItemInset.png = ..\..\Help\DocFX\articles\Navigator\NavFirstItemInset.png
		..\..\Help\DocFX\articles\Navigator\NavGroupFigure1.png = ..\..\Help\DocFX\articles\Navigator\NavGroupFigure1.png
		..\..\Help\DocFX\articles\Navigator\NavGroupFigure2.png = ..\..\Help\DocFX\articles\Navigator\NavGroupFigure2.png
		..\..\Help\DocFX\articles\Navigator\NavGroupProperties.png = ..\..\Help\DocFX\articles\Navigator\NavGroupProperties.png
		..\..\Help\DocFX\articles\Navigator\NavHeaderProperties.png = ..\..\Help\DocFX\articles\Navigator\NavHeaderProperties.png
		..\..\Help\DocFX\articles\Navigator\NavHGFigure1.png = ..\..\Help\DocFX\articles\Navigator\NavHGFigure1.png
		..\..\Help\DocFX\articles\Navigator\NavHGFigure2.png = ..\..\Help\DocFX\articles\Navigator\NavHGFigure2.png
		..\..\Help\DocFX\articles\Navigator\NavHGFigure3.png = ..\..\Help\DocFX\articles\Navigator\NavHGFigure3.png
		..\..\Help\DocFX\articles\Navigator\NavMode1.png = ..\..\Help\DocFX\articles\Navigator\NavMode1.png
		..\..\Help\DocFX\articles\Navigator\NavMode2.png = ..\..\Help\DocFX\articles\Navigator\NavMode2.png
		..\..\Help\DocFX\articles\Navigator\NavMode3.png = ..\..\Help\DocFX\articles\Navigator\NavMode3.png
		..\..\Help\DocFX\articles\Navigator\NavMode4.png = ..\..\Help\DocFX\articles\Navigator\NavMode4.png
		..\..\Help\DocFX\articles\Navigator\NavMode5.png = ..\..\Help\DocFX\articles\Navigator\NavMode5.png
		..\..\Help\DocFX\articles\Navigator\NavMode6.png = ..\..\Help\DocFX\articles\Navigator\NavMode6.png
		..\..\Help\DocFX\articles\Navigator\NavMode7.png = ..\..\Help\DocFX\articles\Navigator\NavMode7.png
		..\..\Help\DocFX\articles\Navigator\NavMode8.png = ..\..\Help\DocFX\articles\Navigator\NavMode8.png
		..\..\Help\DocFX\articles\Navigator\NavModeBRTG.png = ..\..\Help\DocFX\articles\Navigator\NavModeBRTG.png
		..\..\Help\DocFX\articles\Navigator\NavModeBRTO.png = ..\..\Help\DocFX\articles\Navigator\NavModeBRTO.png
		..\..\Help\DocFX\articles\Navigator\NavModeBTG.png = ..\..\Help\DocFX\articles\Navigator\NavModeBTG.png
		..\..\Help\DocFX\articles\Navigator\NavModeBTO.png = ..\..\Help\DocFX\articles\Navigator\NavModeBTO.png
		..\..\Help\DocFX\articles\Navigator\NavModeHBCBG.png = ..\..\Help\DocFX\articles\Navigator\NavModeHBCBG.png
		..\..\Help\DocFX\articles\Navigator\NavModeHBCBHG.png = ..\..\Help\DocFX\articles\Navigator\NavModeHBCBHG.png
		..\..\Help\DocFX\articles\Navigator\NavModeHBCBO.png = ..\..\Help\DocFX\articles\Navigator\NavModeHBCBO.png
		..\..\Help\DocFX\articles\Navigator\NavModeO.png = ..\..\Help\DocFX\articles\Navigator\NavModeO.png
		..\..\Help\DocFX\articles\Navigator\NavModeOM.png = ..\..\Help\DocFX\articles\Navigator\NavModeOM.png
		..\..\Help\DocFX\articles\Navigator\NavModeSCBG.png = ..\..\Help\DocFX\articles\Navigator\NavModeSCBG.png
		..\..\Help\DocFX\articles\Navigator\NavModeSCBHG.png = ..\..\Help\DocFX\articles\Navigator\NavModeSCBHG.png
		..\..\Help\DocFX\articles\Navigator\NavOutlookProps.png = ..\..\Help\DocFX\articles\Navigator\NavOutlookProps.png
		..\..\Help\DocFX\articles\Navigator\NavOutlookPropsFull.png = ..\..\Help\DocFX\articles\Navigator\NavOutlookPropsFull.png
		..\..\Help\DocFX\articles\Navigator\NavOutlookPropsMini.png = ..\..\Help\DocFX\articles\Navigator\NavOutlookPropsMini.png
		..\..\Help\DocFX\articles\Navigator\NavPage1.png = ..\..\Help\DocFX\articles\Navigator\NavPage1.png
		..\..\Help\DocFX\articles\Navigator\NavPage2.png = ..\..\Help\DocFX\articles\Navigator\NavPage2.png
		..\..\Help\DocFX\articles\Navigator\NavPage3.png = ..\..\Help\DocFX\articles\Navigator\NavPage3.png
		..\..\Help\DocFX\articles\Navigator\NavPage4.png = ..\..\Help\DocFX\articles\Navigator\NavPage4.png
		..\..\Help\DocFX\articles\Navigator\NavPanelFigure1.png = ..\..\Help\DocFX\articles\Navigator\NavPanelFigure1.png
		..\..\Help\DocFX\articles\Navigator\NavPanelProperties.png = ..\..\Help\DocFX\articles\Navigator\NavPanelProperties.png
		..\..\Help\DocFX\articles\Navigator\NavPopupPagesProps.png = ..\..\Help\DocFX\articles\Navigator\NavPopupPagesProps.png
		..\..\Help\DocFX\articles\Navigator\NavProperties.png = ..\..\Help\DocFX\articles\Navigator\NavProperties.png
		..\..\Help\DocFX\articles\Navigator\NavProperties2.png = ..\..\Help\DocFX\articles\Navigator\NavProperties2.png
		..\..\Help\DocFX\articles\Navigator\NavProperties4.png = ..\..\Help\DocFX\articles\Navigator\NavProperties4.png
		..\..\Help\DocFX\articles\Navigator\NavStackProps.png = ..\..\Help\DocFX\articles\Navigator\NavStackProps.png
		..\..\Help\DocFX\articles\Navigator\NavTooltipsProps.png = ..\..\Help\DocFX\articles\Navigator\NavTooltipsProps.png
	EndProjectSection
EndProject
Project("{2150E333-8FDC-42A3-9474-1A3956D46DE8}") = "Ribbon", "Ribbon", "{27F729B2-D5D1-491F-AC34-D8CB719B0DA1}"
	ProjectSection(SolutionItems) = preProject
		..\..\Help\DocFX\articles\Ribbon\RibbonAppButtonProps.png = ..\..\Help\DocFX\articles\Ribbon\RibbonAppButtonProps.png
		..\..\Help\DocFX\articles\Ribbon\RibbonButtonProps.png = ..\..\Help\DocFX\articles\Ribbon\RibbonButtonProps.png
		..\..\Help\DocFX\articles\Ribbon\RibbonButtonSpecExample.png = ..\..\Help\DocFX\articles\Ribbon\RibbonButtonSpecExample.png
		..\..\Help\DocFX\articles\Ribbon\RibbonButtonSpecProps.png = ..\..\Help\DocFX\articles\Ribbon\RibbonButtonSpecProps.png
		..\..\Help\DocFX\articles\Ribbon\RibbonCheckBoxProps.png = ..\..\Help\DocFX\articles\Ribbon\RibbonCheckBoxProps.png
		..\..\Help\DocFX\articles\Ribbon\RibbonChrome.png = ..\..\Help\DocFX\articles\Ribbon\RibbonChrome.png
		..\..\Help\DocFX\articles\Ribbon\RibbonClusterButtonProps.png = ..\..\Help\DocFX\articles\Ribbon\RibbonClusterButtonProps.png
		..\..\Help\DocFX\articles\Ribbon\RibbonClusterColorButton.png = ..\..\Help\DocFX\articles\Ribbon\RibbonClusterColorButton.png
		..\..\Help\DocFX\articles\Ribbon\RibbonClusterProps.png = ..\..\Help\DocFX\articles\Ribbon\RibbonClusterProps.png
		..\..\Help\DocFX\articles\Ribbon\RibbonColorButton.png = ..\..\Help\DocFX\articles\Ribbon\RibbonColorButton.png
		..\..\Help\DocFX\articles\Ribbon\RibbonComboBox.png = ..\..\Help\DocFX\articles\Ribbon\RibbonComboBox.png
		..\..\Help\DocFX\articles\Ribbon\RIbbonContextProps.png = ..\..\Help\DocFX\articles\Ribbon\RIbbonContextProps.png
		..\..\Help\DocFX\articles\Ribbon\RibbonCustomControlProps.png = ..\..\Help\DocFX\articles\Ribbon\RibbonCustomControlProps.png
		..\..\Help\DocFX\articles\Ribbon\RibbonGallery.png = ..\..\Help\DocFX\articles\Ribbon\RibbonGallery.png
		..\..\Help\DocFX\articles\Ribbon\RibbonGroupProps.png = ..\..\Help\DocFX\articles\Ribbon\RibbonGroupProps.png
		..\..\Help\DocFX\articles\Ribbon\RibbonKeyboardProps.png = ..\..\Help\DocFX\articles\Ribbon\RibbonKeyboardProps.png
		..\..\Help\DocFX\articles\Ribbon\RibbonLabelProps.png = ..\..\Help\DocFX\articles\Ribbon\RibbonLabelProps.png
		..\..\Help\DocFX\articles\Ribbon\RibbonLinesImage.png = ..\..\Help\DocFX\articles\Ribbon\RibbonLinesImage.png
		..\..\Help\DocFX\articles\Ribbon\RibbonLinesSizing.png = ..\..\Help\DocFX\articles\Ribbon\RibbonLinesSizing.png
		..\..\Help\DocFX\articles\Ribbon\RibbonQATProps.png = ..\..\Help\DocFX\articles\Ribbon\RibbonQATProps.png
		..\..\Help\DocFX\articles\Ribbon\RibbonRadioButtonProps.png = ..\..\Help\DocFX\articles\Ribbon\RibbonRadioButtonProps.png
		..\..\Help\DocFX\articles\Ribbon\RibbonRichTextBox.png = ..\..\Help\DocFX\articles\Ribbon\RibbonRichTextBox.png
		..\..\Help\DocFX\articles\Ribbon\RibbonSeparatorExample.png = ..\..\Help\DocFX\articles\Ribbon\RibbonSeparatorExample.png
		..\..\Help\DocFX\articles\Ribbon\RibbonSeparatorProps.png = ..\..\Help\DocFX\articles\Ribbon\RibbonSeparatorProps.png
		..\..\Help\DocFX\articles\Ribbon\RibbonTabProps.png = ..\..\Help\DocFX\articles\Ribbon\RibbonTabProps.png
		..\..\Help\DocFX\articles\Ribbon\RibbonTextBox.png = ..\..\Help\DocFX\articles\Ribbon\RibbonTextBox.png
		..\..\Help\DocFX\articles\Ribbon\RibbonTrackBar.png = ..\..\Help\DocFX\articles\Ribbon\RibbonTrackBar.png
		..\..\Help\DocFX\articles\Ribbon\RibbonTripleImage.png = ..\..\Help\DocFX\articles\Ribbon\RibbonTripleImage.png
		..\..\Help\DocFX\articles\Ribbon\RibbonTripleProps.png = ..\..\Help\DocFX\articles\Ribbon\RibbonTripleProps.png
		..\..\Help\DocFX\articles\Ribbon\RibbonTripleSizes.png = ..\..\Help\DocFX\articles\Ribbon\RibbonTripleSizes.png
		..\..\Help\DocFX\articles\Ribbon\RibbonValuesProps.png = ..\..\Help\DocFX\articles\Ribbon\RibbonValuesProps.png
		..\..\Help\DocFX\articles\Ribbon\RibbonVisualsProps.png = ..\..\Help\DocFX\articles\Ribbon\RibbonVisualsProps.png
	EndProjectSection
EndProject
Project("{2150E333-8FDC-42A3-9474-1A3956D46DE8}") = "Workspace", "Workspace", "{D0D5E169-5368-40A8-A6D2-6041F5C5F84D}"
EndProject
Project("{2150E333-8FDC-42A3-9474-1A3956D46DE8}") = "Tutorials", "Tutorials", "{6DCB3B4C-0707-42D2-AE45-29EE43C6BCF1}"
	ProjectSection(SolutionItems) = preProject
		..\..\Help\DocFX\articles\Tutorials\DockTutorial1.png = ..\..\Help\DocFX\articles\Tutorials\DockTutorial1.png
		..\..\Help\DocFX\articles\Tutorials\DockTutorial2.png = ..\..\Help\DocFX\articles\Tutorials\DockTutorial2.png
		..\..\Help\DocFX\articles\Tutorials\TutorialStack1.png = ..\..\Help\DocFX\articles\Tutorials\TutorialStack1.png
		..\..\Help\DocFX\articles\Tutorials\TutorialStack10.png = ..\..\Help\DocFX\articles\Tutorials\TutorialStack10.png
		..\..\Help\DocFX\articles\Tutorials\TutorialStack11.png = ..\..\Help\DocFX\articles\Tutorials\TutorialStack11.png
		..\..\Help\DocFX\articles\Tutorials\TutorialStack12.png = ..\..\Help\DocFX\articles\Tutorials\TutorialStack12.png
		..\..\Help\DocFX\articles\Tutorials\TutorialStack13.png = ..\..\Help\DocFX\articles\Tutorials\TutorialStack13.png
		..\..\Help\DocFX\articles\Tutorials\TutorialStack14.png = ..\..\Help\DocFX\articles\Tutorials\TutorialStack14.png
		..\..\Help\DocFX\articles\Tutorials\TutorialStack15.png = ..\..\Help\DocFX\articles\Tutorials\TutorialStack15.png
		..\..\Help\DocFX\articles\Tutorials\TutorialStack16.png = ..\..\Help\DocFX\articles\Tutorials\TutorialStack16.png
		..\..\Help\DocFX\articles\Tutorials\TutorialStack17.png = ..\..\Help\DocFX\articles\Tutorials\TutorialStack17.png
		..\..\Help\DocFX\articles\Tutorials\TutorialStack18.png = ..\..\Help\DocFX\articles\Tutorials\TutorialStack18.png
		..\..\Help\DocFX\articles\Tutorials\TutorialStack18_thumb.png = ..\..\Help\DocFX\articles\Tutorials\TutorialStack18_thumb.png
		..\..\Help\DocFX\articles\Tutorials\TutorialStack2.png = ..\..\Help\DocFX\articles\Tutorials\TutorialStack2.png
		..\..\Help\DocFX\articles\Tutorials\TutorialStack3.png = ..\..\Help\DocFX\articles\Tutorials\TutorialStack3.png
		..\..\Help\DocFX\articles\Tutorials\TutorialStack4.png = ..\..\Help\DocFX\articles\Tutorials\TutorialStack4.png
		..\..\Help\DocFX\articles\Tutorials\TutorialStack5.png = ..\..\Help\DocFX\articles\Tutorials\TutorialStack5.png
		..\..\Help\DocFX\articles\Tutorials\TutorialStack6.png = ..\..\Help\DocFX\articles\Tutorials\TutorialStack6.png
		..\..\Help\DocFX\articles\Tutorials\TutorialStack7.png = ..\..\Help\DocFX\articles\Tutorials\TutorialStack7.png
		..\..\Help\DocFX\articles\Tutorials\TutorialStack8.png = ..\..\Help\DocFX\articles\Tutorials\TutorialStack8.png
		..\..\Help\DocFX\articles\Tutorials\TutorialStack9.png = ..\..\Help\DocFX\articles\Tutorials\TutorialStack9.png
	EndProjectSection
EndProject
Project("{2150E333-8FDC-42A3-9474-1A3956D46DE8}") = "NuGet Package", "NuGet Package", "{44CD53AB-6395-46BC-BF33-CC45344362F3}"
	ProjectSection(SolutionItems) = preProject
		..\..\Installer Project Files\Nuget Spec\KryptonToolkitSuite5470.nupkg = ..\..\Installer Project Files\Nuget Spec\KryptonToolkitSuite5470.nupkg
	EndProjectSection
EndProject
Project("{2150E333-8FDC-42A3-9474-1A3956D46DE8}") = "Sandcastle", "Sandcastle", "{1D56CF5A-9F1E-45E6-AA3D-6ECFCEDB18D5}"
EndProject
Project("{7CF6DF6D-3B04-46F8-A40B-537D21BCA0B4}") = "Krypton Toolkit Documentation", "Krypton Toolkit Documentation\Krypton Toolkit Documentation.shfbproj", "{05FF4011-FA20-40F0-B3F7-C21D2EDD7BA0}"
EndProject
Global
	GlobalSection(SolutionConfigurationPlatforms) = preSolution
		Debug|Any CPU = Debug|Any CPU
		Release|Any CPU = Release|Any CPU
	EndGlobalSection
	GlobalSection(ProjectConfigurationPlatforms) = postSolution
		{96ECAECC-54F8-4AA5-8591-B443C2D9565F}.Debug|Any CPU.ActiveCfg = Debug|Any CPU
		{96ECAECC-54F8-4AA5-8591-B443C2D9565F}.Debug|Any CPU.Build.0 = Debug|Any CPU
		{96ECAECC-54F8-4AA5-8591-B443C2D9565F}.Release|Any CPU.ActiveCfg = Release|Any CPU
		{96ECAECC-54F8-4AA5-8591-B443C2D9565F}.Release|Any CPU.Build.0 = Release|Any CPU
		{DC0DD714-4D19-4F31-A6D0-EA209D4F0EA8}.Debug|Any CPU.ActiveCfg = Debug|Any CPU
		{DC0DD714-4D19-4F31-A6D0-EA209D4F0EA8}.Debug|Any CPU.Build.0 = Debug|Any CPU
		{DC0DD714-4D19-4F31-A6D0-EA209D4F0EA8}.Release|Any CPU.ActiveCfg = Release|Any CPU
		{DC0DD714-4D19-4F31-A6D0-EA209D4F0EA8}.Release|Any CPU.Build.0 = Release|Any CPU
		{9144BA04-155B-4B66-B85A-9A89AA93F7D4}.Debug|Any CPU.ActiveCfg = Debug|Any CPU
		{9144BA04-155B-4B66-B85A-9A89AA93F7D4}.Debug|Any CPU.Build.0 = Debug|Any CPU
		{9144BA04-155B-4B66-B85A-9A89AA93F7D4}.Release|Any CPU.ActiveCfg = Release|Any CPU
		{9144BA04-155B-4B66-B85A-9A89AA93F7D4}.Release|Any CPU.Build.0 = Release|Any CPU
		{E90FC375-453D-4FE4-9822-CE1DB85B6553}.Debug|Any CPU.ActiveCfg = Debug|Any CPU
		{E90FC375-453D-4FE4-9822-CE1DB85B6553}.Debug|Any CPU.Build.0 = Debug|Any CPU
		{E90FC375-453D-4FE4-9822-CE1DB85B6553}.Release|Any CPU.ActiveCfg = Release|Any CPU
		{E90FC375-453D-4FE4-9822-CE1DB85B6553}.Release|Any CPU.Build.0 = Release|Any CPU
		{E00FF125-CB44-480B-847E-7B3D27E481EB}.Debug|Any CPU.ActiveCfg = Debug|Any CPU
		{E00FF125-CB44-480B-847E-7B3D27E481EB}.Debug|Any CPU.Build.0 = Debug|Any CPU
		{E00FF125-CB44-480B-847E-7B3D27E481EB}.Release|Any CPU.ActiveCfg = Release|Any CPU
		{E00FF125-CB44-480B-847E-7B3D27E481EB}.Release|Any CPU.Build.0 = Release|Any CPU
		{05FF4011-FA20-40F0-B3F7-C21D2EDD7BA0}.Debug|Any CPU.ActiveCfg = Debug|Any CPU
		{05FF4011-FA20-40F0-B3F7-C21D2EDD7BA0}.Debug|Any CPU.Build.0 = Debug|Any CPU
		{05FF4011-FA20-40F0-B3F7-C21D2EDD7BA0}.Release|Any CPU.ActiveCfg = Release|Any CPU
		{05FF4011-FA20-40F0-B3F7-C21D2EDD7BA0}.Release|Any CPU.Build.0 = Release|Any CPU
	EndGlobalSection
	GlobalSection(SolutionProperties) = preSolution
		HideSolutionNode = FALSE
	EndGlobalSection
	GlobalSection(NestedProjects) = preSolution
		{61013E5A-3095-4A61-8B4B-72ABDCB608BE} = {7693521C-B93D-4764-AA39-BE3E7876D8CB}
		{55EBC5E1-586F-448D-B61E-6F0A1F58FFE8} = {7693521C-B93D-4764-AA39-BE3E7876D8CB}
		{642A2DBC-D742-47CA-8C78-76FEE09C0DCB} = {61013E5A-3095-4A61-8B4B-72ABDCB608BE}
		{A5C9F9CE-CCF0-4855-BEB7-624BA2C5DD8A} = {642A2DBC-D742-47CA-8C78-76FEE09C0DCB}
		{D6D14E45-AE08-45A5-87C8-4BA6A7F8BF17} = {61013E5A-3095-4A61-8B4B-72ABDCB608BE}
		{03BE16FD-FA20-4F71-A717-0C397988F806} = {8071D2CE-0F60-4DDE-B067-7C755E14A33A}
		{29748D21-B5F4-4C80-A030-7B7720BF8021} = {8071D2CE-0F60-4DDE-B067-7C755E14A33A}
		{F4852EB6-6AC9-4B1A-ADB6-4077330A2ED5} = {29748D21-B5F4-4C80-A030-7B7720BF8021}
		{29935FC9-D8AE-4C7A-83AB-03C3E6179946} = {29748D21-B5F4-4C80-A030-7B7720BF8021}
		{CA88FB45-422D-42F2-A740-8BB76535B632} = {642A2DBC-D742-47CA-8C78-76FEE09C0DCB}
		{31384D8E-42C8-4817-9C74-BDF0EFDC61F6} = {642A2DBC-D742-47CA-8C78-76FEE09C0DCB}
		{DC40A434-B451-4050-9877-03AAE945B563} = {642A2DBC-D742-47CA-8C78-76FEE09C0DCB}
		{27F729B2-D5D1-491F-AC34-D8CB719B0DA1} = {642A2DBC-D742-47CA-8C78-76FEE09C0DCB}
		{D0D5E169-5368-40A8-A6D2-6041F5C5F84D} = {642A2DBC-D742-47CA-8C78-76FEE09C0DCB}
		{6DCB3B4C-0707-42D2-AE45-29EE43C6BCF1} = {642A2DBC-D742-47CA-8C78-76FEE09C0DCB}
		{1D56CF5A-9F1E-45E6-AA3D-6ECFCEDB18D5} = {7693521C-B93D-4764-AA39-BE3E7876D8CB}
		{05FF4011-FA20-40F0-B3F7-C21D2EDD7BA0} = {1D56CF5A-9F1E-45E6-AA3D-6ECFCEDB18D5}
	EndGlobalSection
	GlobalSection(ExtensibilityGlobals) = postSolution
		SolutionGuid = {ECEA7A85-0CA8-47A4-93BE-6AA896E9749D}
		BuildVersion_StartDate = 2000/1/1
	EndGlobalSection
EndGlobal
