Microsoft Visual Studio Solution File, Format Version 12.00
# Visual Studio Version 17
VisualStudioVersion = 17.0.31410.414
MinimumVisualStudioVersion = 10.0.40219.1
Project("{2150E333-8FDC-42A3-9474-1A3956D46DE8}") = "Solution Items", "Solution Items", "{942DAEF7-509F-4BB7-B1DD-CBC28949CCF6}"
	ProjectSection(SolutionItems) = preProject
		.editorconfig = .editorconfig
		..\..\Directory.Build.props = ..\..\Directory.Build.props
		Directory.Build.props = Directory.Build.props
		Directory.Build.targets = Directory.Build.targets
		..\..\README.md = ..\..\README.md
	EndProjectSection
EndProject
Project("{2150E333-8FDC-42A3-9474-1A3956D46DE8}") = "Source", "Source", "{7639F185-EAEE-4483-BE71-7EC62EDDBEA9}"
EndProject
Project("{9A19103F-16F7-4668-BE54-9A1E7A4F7556}") = "Krypton.Docking 2019", "Krypton.Docking\Krypton.Docking 2019.csproj", "{AEEC4AA6-23F5-4B53-B3CB-305DDC4085A4}"
EndProject
Project("{9A19103F-16F7-4668-BE54-9A1E7A4F7556}") = "Krypton.Navigator 2019", "Krypton.Navigator\Krypton.Navigator 2019.csproj", "{0D932DC6-53EA-4DE7-903C-C2E404505CAC}"
EndProject
Project("{9A19103F-16F7-4668-BE54-9A1E7A4F7556}") = "Krypton.Ribbon 2019", "Krypton.Ribbon\Krypton.Ribbon 2019.csproj", "{28E83440-1BEC-4D48-B4EA-D85E30638BDD}"
EndProject
Project("{9A19103F-16F7-4668-BE54-9A1E7A4F7556}") = "Krypton.Toolkit 2019", "Krypton.Toolkit\Krypton.Toolkit 2019.csproj", "{43C7CFAF-03AB-47BD-A60D-1F3C5A3B68D5}"
EndProject
Project("{9A19103F-16F7-4668-BE54-9A1E7A4F7556}") = "Krypton.Workspace 2019", "Krypton.Workspace\Krypton.Workspace 2019.csproj", "{F379A7A0-66CC-4295-90E6-2471433D12B8}"
EndProject
Project("{2150E333-8FDC-42A3-9474-1A3956D46DE8}") = "Documentation", "Documentation", "{8EC65998-9433-4A2D-8376-FB35DAC73B16}"
	ProjectSection(SolutionItems) = preProject
		..\..\Documents\Development\Development-Workflow.md = ..\..\Documents\Development\Development-Workflow.md
		..\..\Documents\Development\How to Manage Using Statements.md = ..\..\Documents\Development\How to Manage Using Statements.md
		..\..\Documents\Development\How-to-Build.md = ..\..\Documents\Development\How-to-Build.md
	EndProjectSection
EndProject
Project("{2150E333-8FDC-42A3-9474-1A3956D46DE8}") = "Build System", "Build System", "{5DDF2C46-7125-4AFE-A1A8-AB97E12BCE39}"
	ProjectSection(SolutionItems) = preProject
		..\..\build.cmd = ..\..\build.cmd
		..\..\build.proj = ..\..\build.proj
		..\..\buildsolution.cmd = ..\..\buildsolution.cmd
		Directory.Build.props = Directory.Build.props
		..\..\Directory.Build.props = ..\..\Directory.Build.props
		Directory.Build.targets = Directory.Build.targets
		..\..\pack.cmd = ..\..\pack.cmd
		..\..\purge.cmd = ..\..\purge.cmd
		..\..\run.cmd = ..\..\run.cmd
	EndProjectSection
EndProject
Project("{2150E333-8FDC-42A3-9474-1A3956D46DE8}") = "2022", "2022", "{B0DAF0D5-5C54-4551-A0EE-BC3CF3F98F68}"
	ProjectSection(SolutionItems) = preProject
		..\..\Documents\Build System\2022\build.cmd = ..\..\Documents\Build System\2022\build.cmd
		..\..\Documents\Build System\2022\buildsolution.cmd = ..\..\Documents\Build System\2022\buildsolution.cmd
		..\..\Documents\Build System\2022\pack.cmd = ..\..\Documents\Build System\2022\pack.cmd
		..\..\Documents\Build System\2022\purge.cmd = ..\..\Documents\Build System\2022\purge.cmd
		..\..\Documents\Build System\2022\run.cmd = ..\..\Documents\Build System\2022\run.cmd
	EndProjectSection
EndProject
Global
	GlobalSection(SolutionConfigurationPlatforms) = preSolution
		Debug|Any CPU = Debug|Any CPU
		Release|Any CPU = Release|Any CPU
	EndGlobalSection
	GlobalSection(ProjectConfigurationPlatforms) = postSolution
		{AEEC4AA6-23F5-4B53-B3CB-305DDC4085A4}.Debug|Any CPU.ActiveCfg = Debug|Any CPU
		{AEEC4AA6-23F5-4B53-B3CB-305DDC4085A4}.Debug|Any CPU.Build.0 = Debug|Any CPU
		{AEEC4AA6-23F5-4B53-B3CB-305DDC4085A4}.Release|Any CPU.ActiveCfg = Release|Any CPU
		{AEEC4AA6-23F5-4B53-B3CB-305DDC4085A4}.Release|Any CPU.Build.0 = Release|Any CPU
		{0D932DC6-53EA-4DE7-903C-C2E404505CAC}.Debug|Any CPU.ActiveCfg = Debug|Any CPU
		{0D932DC6-53EA-4DE7-903C-C2E404505CAC}.Debug|Any CPU.Build.0 = Debug|Any CPU
		{0D932DC6-53EA-4DE7-903C-C2E404505CAC}.Release|Any CPU.ActiveCfg = Release|Any CPU
		{0D932DC6-53EA-4DE7-903C-C2E404505CAC}.Release|Any CPU.Build.0 = Release|Any CPU
		{28E83440-1BEC-4D48-B4EA-D85E30638BDD}.Debug|Any CPU.ActiveCfg = Debug|Any CPU
		{28E83440-1BEC-4D48-B4EA-D85E30638BDD}.Debug|Any CPU.Build.0 = Debug|Any CPU
		{28E83440-1BEC-4D48-B4EA-D85E30638BDD}.Release|Any CPU.ActiveCfg = Release|Any CPU
		{28E83440-1BEC-4D48-B4EA-D85E30638BDD}.Release|Any CPU.Build.0 = Release|Any CPU
		{43C7CFAF-03AB-47BD-A60D-1F3C5A3B68D5}.Debug|Any CPU.ActiveCfg = Debug|Any CPU
		{43C7CFAF-03AB-47BD-A60D-1F3C5A3B68D5}.Debug|Any CPU.Build.0 = Debug|Any CPU
		{43C7CFAF-03AB-47BD-A60D-1F3C5A3B68D5}.Release|Any CPU.ActiveCfg = Release|Any CPU
		{43C7CFAF-03AB-47BD-A60D-1F3C5A3B68D5}.Release|Any CPU.Build.0 = Release|Any CPU
		{F379A7A0-66CC-4295-90E6-2471433D12B8}.Debug|Any CPU.ActiveCfg = Debug|Any CPU
		{F379A7A0-66CC-4295-90E6-2471433D12B8}.Debug|Any CPU.Build.0 = Debug|Any CPU
		{F379A7A0-66CC-4295-90E6-2471433D12B8}.Release|Any CPU.ActiveCfg = Release|Any CPU
		{F379A7A0-66CC-4295-90E6-2471433D12B8}.Release|Any CPU.Build.0 = Release|Any CPU
	EndGlobalSection
	GlobalSection(SolutionProperties) = preSolution
		HideSolutionNode = FALSE
	EndGlobalSection
	GlobalSection(NestedProjects) = preSolution
		{AEEC4AA6-23F5-4B53-B3CB-305DDC4085A4} = {7639F185-EAEE-4483-BE71-7EC62EDDBEA9}
		{0D932DC6-53EA-4DE7-903C-C2E404505CAC} = {7639F185-EAEE-4483-BE71-7EC62EDDBEA9}
		{28E83440-1BEC-4D48-B4EA-D85E30638BDD} = {7639F185-EAEE-4483-BE71-7EC62EDDBEA9}
		{43C7CFAF-03AB-47BD-A60D-1F3C5A3B68D5} = {7639F185-EAEE-4483-BE71-7EC62EDDBEA9}
		{F379A7A0-66CC-4295-90E6-2471433D12B8} = {7639F185-EAEE-4483-BE71-7EC62EDDBEA9}
		{8EC65998-9433-4A2D-8376-FB35DAC73B16} = {942DAEF7-509F-4BB7-B1DD-CBC28949CCF6}
		{5DDF2C46-7125-4AFE-A1A8-AB97E12BCE39} = {942DAEF7-509F-4BB7-B1DD-CBC28949CCF6}
		{B0DAF0D5-5C54-4551-A0EE-BC3CF3F98F68} = {5DDF2C46-7125-4AFE-A1A8-AB97E12BCE39}
	EndGlobalSection
	GlobalSection(ExtensibilityGlobals) = postSolution
		SolutionGuid = {ECEA7A85-0CA8-47A4-93BE-6AA896E9749D}
		BuildVersion_StartDate = 2000/1/1
	EndGlobalSection
EndGlobal
